// !$*UTF8*$!
{
	archiveVersion = 1;
	classes = {
	};
	objectVersion = 55;
	objects = {

/* Begin PBXBuildFile section */
		BF0E91F82829142A00D21AD5 /* Assets.xcassets in Resources */ = {isa = PBXBuildFile; fileRef = BF0E91F72829142A00D21AD5 /* Assets.xcassets */; };
		BF0E91FB2829191D00D21AD5 /* helperLib.m in Sources */ = {isa = PBXBuildFile; fileRef = BF0E91FA2829191D00D21AD5 /* helperLib.m */; };
		BF0E920128291F0700D21AD5 /* app.m in Sources */ = {isa = PBXBuildFile; fileRef = BF0E920028291F0700D21AD5 /* app.m */; };
		BF0E921F2829556900D21AD5 /* MenuIcon.png in Resources */ = {isa = PBXBuildFile; fileRef = BF0E921E2829556900D21AD5 /* MenuIcon.png */; };
		BFE19DEC2825BFA600D72F99 /* AppDelegate.m in Sources */ = {isa = PBXBuildFile; fileRef = BFE19DEB2825BFA600D72F99 /* AppDelegate.m */; };
		BFE19DF12825BFA800D72F99 /* MainMenu.xib in Resources */ = {isa = PBXBuildFile; fileRef = BFE19DEF2825BFA800D72F99 /* MainMenu.xib */; };
		BFE19DF32825BFA800D72F99 /* main.m in Sources */ = {isa = PBXBuildFile; fileRef = BFE19DF22825BFA800D72F99 /* main.m */; };
/* End PBXBuildFile section */

/* Begin PBXFileReference section */
		BF0E91F72829142A00D21AD5 /* Assets.xcassets */ = {isa = PBXFileReference; lastKnownFileType = folder.assetcatalog; path = Assets.xcassets; sourceTree = "<group>"; };
		BF0E91F92829191D00D21AD5 /* helperLib.h */ = {isa = PBXFileReference; lastKnownFileType = sourcecode.c.h; name = helperLib.h; path = src/helperLib.h; sourceTree = "<group>"; };
		BF0E91FA2829191D00D21AD5 /* helperLib.m */ = {isa = PBXFileReference; lastKnownFileType = sourcecode.c.objc; name = helperLib.m; path = src/helperLib.m; sourceTree = "<group>"; };
		BF0E91FF28291F0700D21AD5 /* app.h */ = {isa = PBXFileReference; lastKnownFileType = sourcecode.c.h; name = app.h; path = src/app.h; sourceTree = "<group>"; };
		BF0E920028291F0700D21AD5 /* app.m */ = {isa = PBXFileReference; lastKnownFileType = sourcecode.c.objc; name = app.m; path = src/app.m; sourceTree = "<group>"; };
		BF0E921E2829556900D21AD5 /* MenuIcon.png */ = {isa = PBXFileReference; lastKnownFileType = image.png; path = MenuIcon.png; sourceTree = "<group>"; };
		BFE19DE72825BFA600D72F99 /* DockAltTab.app */ = {isa = PBXFileReference; explicitFileType = wrapper.application; includeInIndex = 0; path = DockAltTab.app; sourceTree = BUILT_PRODUCTS_DIR; };
		BFE19DEA2825BFA600D72F99 /* AppDelegate.h */ = {isa = PBXFileReference; lastKnownFileType = sourcecode.c.h; path = AppDelegate.h; sourceTree = "<group>"; };
		BFE19DEB2825BFA600D72F99 /* AppDelegate.m */ = {isa = PBXFileReference; lastKnownFileType = sourcecode.c.objc; path = AppDelegate.m; sourceTree = "<group>"; };
		BFE19DF02825BFA800D72F99 /* Base */ = {isa = PBXFileReference; lastKnownFileType = file.xib; name = Base; path = Base.lproj/MainMenu.xib; sourceTree = "<group>"; };
		BFE19DF22825BFA800D72F99 /* main.m */ = {isa = PBXFileReference; lastKnownFileType = sourcecode.c.objc; path = main.m; sourceTree = "<group>"; };
		BFE19DF42825BFA800D72F99 /* DockAltTab.entitlements */ = {isa = PBXFileReference; lastKnownFileType = text.plist.entitlements; path = DockAltTab.entitlements; sourceTree = "<group>"; };
		BFE19DFA2825C63600D72F99 /* Info.plist */ = {isa = PBXFileReference; lastKnownFileType = text.plist; path = Info.plist; sourceTree = "<group>"; };
/* End PBXFileReference section */

/* Begin PBXFrameworksBuildPhase section */
		BFE19DE42825BFA600D72F99 /* Frameworks */ = {
			isa = PBXFrameworksBuildPhase;
			buildActionMask = 2147483647;
			files = (
			);
			runOnlyForDeploymentPostprocessing = 0;
		};
/* End PBXFrameworksBuildPhase section */

/* Begin PBXGroup section */
		BFE19DDE2825BFA600D72F99 = {
			isa = PBXGroup;
			children = (
				BFE19DE92825BFA600D72F99 /* DockAltTab */,
				BFE19DE82825BFA600D72F99 /* Products */,
			);
			sourceTree = "<group>";
		};
		BFE19DE82825BFA600D72F99 /* Products */ = {
			isa = PBXGroup;
			children = (
				BFE19DE72825BFA600D72F99 /* DockAltTab.app */,
			);
			name = Products;
			sourceTree = "<group>";
		};
		BFE19DE92825BFA600D72F99 /* DockAltTab */ = {
			isa = PBXGroup;
			children = (
				BFE19DFA2825C63600D72F99 /* Info.plist */,
				BFE19DEA2825BFA600D72F99 /* AppDelegate.h */,
				BFE19DEB2825BFA600D72F99 /* AppDelegate.m */,
				BF0E91F92829191D00D21AD5 /* helperLib.h */,
				BF0E91FA2829191D00D21AD5 /* helperLib.m */,
				BF0E91FF28291F0700D21AD5 /* app.h */,
				BF0E920028291F0700D21AD5 /* app.m */,
				BF0E91F72829142A00D21AD5 /* Assets.xcassets */,
				BFE19DEF2825BFA800D72F99 /* MainMenu.xib */,
				BFE19DF22825BFA800D72F99 /* main.m */,
				BF0E921E2829556900D21AD5 /* MenuIcon.png */,
				BFE19DF42825BFA800D72F99 /* DockAltTab.entitlements */,
			);
			path = DockAltTab;
			sourceTree = "<group>";
		};
/* End PBXGroup section */

/* Begin PBXNativeTarget section */
		BFE19DE62825BFA600D72F99 /* DockAltTab */ = {
			isa = PBXNativeTarget;
			buildConfigurationList = BFE19DF72825BFA800D72F99 /* Build configuration list for PBXNativeTarget "DockAltTab" */;
			buildPhases = (
				BFE19DE32825BFA600D72F99 /* Sources */,
				BFE19DE42825BFA600D72F99 /* Frameworks */,
				BFE19DE52825BFA600D72F99 /* Resources */,
			);
			buildRules = (
			);
			dependencies = (
			);
			name = DockAltTab;
			productName = DockAltTab;
			productReference = BFE19DE72825BFA600D72F99 /* DockAltTab.app */;
			productType = "com.apple.product-type.application";
		};
/* End PBXNativeTarget section */

/* Begin PBXProject section */
		BFE19DDF2825BFA600D72F99 /* Project object */ = {
			isa = PBXProject;
			attributes = {
				BuildIndependentTargetsInParallel = 1;
				LastUpgradeCheck = 1330;
				TargetAttributes = {
					BFE19DE62825BFA600D72F99 = {
						CreatedOnToolsVersion = 13.3.1;
					};
				};
			};
			buildConfigurationList = BFE19DE22825BFA600D72F99 /* Build configuration list for PBXProject "DockAltTab" */;
			compatibilityVersion = "Xcode 13.0";
			developmentRegion = en;
			hasScannedForEncodings = 0;
			knownRegions = (
				en,
				Base,
			);
			mainGroup = BFE19DDE2825BFA600D72F99;
			productRefGroup = BFE19DE82825BFA600D72F99 /* Products */;
			projectDirPath = "";
			projectRoot = "";
			targets = (
				BFE19DE62825BFA600D72F99 /* DockAltTab */,
			);
		};
/* End PBXProject section */

/* Begin PBXResourcesBuildPhase section */
		BFE19DE52825BFA600D72F99 /* Resources */ = {
			isa = PBXResourcesBuildPhase;
			buildActionMask = 2147483647;
			files = (
				BF0E921F2829556900D21AD5 /* MenuIcon.png in Resources */,
				BF0E91F82829142A00D21AD5 /* Assets.xcassets in Resources */,
				BFE19DF12825BFA800D72F99 /* MainMenu.xib in Resources */,
			);
			runOnlyForDeploymentPostprocessing = 0;
		};
/* End PBXResourcesBuildPhase section */

/* Begin PBXSourcesBuildPhase section */
		BFE19DE32825BFA600D72F99 /* Sources */ = {
			isa = PBXSourcesBuildPhase;
			buildActionMask = 2147483647;
			files = (
				BFE19DF32825BFA800D72F99 /* main.m in Sources */,
				BF0E920128291F0700D21AD5 /* app.m in Sources */,
				BF0E91FB2829191D00D21AD5 /* helperLib.m in Sources */,
				BFE19DEC2825BFA600D72F99 /* AppDelegate.m in Sources */,
			);
			runOnlyForDeploymentPostprocessing = 0;
		};
/* End PBXSourcesBuildPhase section */

/* Begin PBXVariantGroup section */
		BFE19DEF2825BFA800D72F99 /* MainMenu.xib */ = {
			isa = PBXVariantGroup;
			children = (
				BFE19DF02825BFA800D72F99 /* Base */,
			);
			name = MainMenu.xib;
			sourceTree = "<group>";
		};
/* End PBXVariantGroup section */

/* Begin XCBuildConfiguration section */
		BFE19DF52825BFA800D72F99 /* Debug */ = {
			isa = XCBuildConfiguration;
			buildSettings = {
				ALWAYS_SEARCH_USER_PATHS = NO;
				CLANG_ANALYZER_NONNULL = YES;
				CLANG_ANALYZER_NUMBER_OBJECT_CONVERSION = YES_AGGRESSIVE;
				CLANG_CXX_LANGUAGE_STANDARD = "gnu++17";
				CLANG_ENABLE_MODULES = YES;
				CLANG_ENABLE_OBJC_ARC = YES;
				CLANG_ENABLE_OBJC_WEAK = YES;
				CLANG_WARN_BLOCK_CAPTURE_AUTORELEASING = YES;
				CLANG_WARN_BOOL_CONVERSION = YES;
				CLANG_WARN_COMMA = YES;
				CLANG_WARN_CONSTANT_CONVERSION = YES;
				CLANG_WARN_DEPRECATED_OBJC_IMPLEMENTATIONS = YES;
				CLANG_WARN_DIRECT_OBJC_ISA_USAGE = YES_ERROR;
				CLANG_WARN_DOCUMENTATION_COMMENTS = YES;
				CLANG_WARN_EMPTY_BODY = YES;
				CLANG_WARN_ENUM_CONVERSION = YES;
				CLANG_WARN_INFINITE_RECURSION = YES;
				CLANG_WARN_INT_CONVERSION = YES;
				CLANG_WARN_NON_LITERAL_NULL_CONVERSION = YES;
				CLANG_WARN_OBJC_IMPLICIT_RETAIN_SELF = YES;
				CLANG_WARN_OBJC_LITERAL_CONVERSION = YES;
				CLANG_WARN_OBJC_ROOT_CLASS = YES_ERROR;
				CLANG_WARN_QUOTED_INCLUDE_IN_FRAMEWORK_HEADER = YES;
				CLANG_WARN_RANGE_LOOP_ANALYSIS = YES;
				CLANG_WARN_STRICT_PROTOTYPES = YES;
				CLANG_WARN_SUSPICIOUS_MOVE = YES;
				CLANG_WARN_UNGUARDED_AVAILABILITY = YES_AGGRESSIVE;
				CLANG_WARN_UNREACHABLE_CODE = YES;
				CLANG_WARN__DUPLICATE_METHOD_MATCH = YES;
				COPY_PHASE_STRIP = NO;
				DEBUG_INFORMATION_FORMAT = dwarf;
				ENABLE_STRICT_OBJC_MSGSEND = YES;
				ENABLE_TESTABILITY = YES;
				GCC_C_LANGUAGE_STANDARD = gnu11;
				GCC_DYNAMIC_NO_PIC = NO;
				GCC_NO_COMMON_BLOCKS = YES;
				GCC_OPTIMIZATION_LEVEL = 0;
				GCC_PREPROCESSOR_DEFINITIONS = (
					"DEBUG=1",
					"$(inherited)",
				);
				GCC_WARN_64_TO_32_BIT_CONVERSION = YES;
				GCC_WARN_ABOUT_RETURN_TYPE = YES_ERROR;
				GCC_WARN_UNDECLARED_SELECTOR = YES;
				GCC_WARN_UNINITIALIZED_AUTOS = YES_AGGRESSIVE;
				GCC_WARN_UNUSED_FUNCTION = YES;
				GCC_WARN_UNUSED_VARIABLE = YES;
				MACOSX_DEPLOYMENT_TARGET = 11.3;
				MTL_ENABLE_DEBUG_INFO = INCLUDE_SOURCE;
				MTL_FAST_MATH = YES;
				ONLY_ACTIVE_ARCH = YES;
				SDKROOT = macosx;
			};
			name = Debug;
		};
		BFE19DF62825BFA800D72F99 /* Release */ = {
			isa = XCBuildConfiguration;
			buildSettings = {
				ALWAYS_SEARCH_USER_PATHS = NO;
				CLANG_ANALYZER_NONNULL = YES;
				CLANG_ANALYZER_NUMBER_OBJECT_CONVERSION = YES_AGGRESSIVE;
				CLANG_CXX_LANGUAGE_STANDARD = "gnu++17";
				CLANG_ENABLE_MODULES = YES;
				CLANG_ENABLE_OBJC_ARC = YES;
				CLANG_ENABLE_OBJC_WEAK = YES;
				CLANG_WARN_BLOCK_CAPTURE_AUTORELEASING = YES;
				CLANG_WARN_BOOL_CONVERSION = YES;
				CLANG_WARN_COMMA = YES;
				CLANG_WARN_CONSTANT_CONVERSION = YES;
				CLANG_WARN_DEPRECATED_OBJC_IMPLEMENTATIONS = YES;
				CLANG_WARN_DIRECT_OBJC_ISA_USAGE = YES_ERROR;
				CLANG_WARN_DOCUMENTATION_COMMENTS = YES;
				CLANG_WARN_EMPTY_BODY = YES;
				CLANG_WARN_ENUM_CONVERSION = YES;
				CLANG_WARN_INFINITE_RECURSION = YES;
				CLANG_WARN_INT_CONVERSION = YES;
				CLANG_WARN_NON_LITERAL_NULL_CONVERSION = YES;
				CLANG_WARN_OBJC_IMPLICIT_RETAIN_SELF = YES;
				CLANG_WARN_OBJC_LITERAL_CONVERSION = YES;
				CLANG_WARN_OBJC_ROOT_CLASS = YES_ERROR;
				CLANG_WARN_QUOTED_INCLUDE_IN_FRAMEWORK_HEADER = YES;
				CLANG_WARN_RANGE_LOOP_ANALYSIS = YES;
				CLANG_WARN_STRICT_PROTOTYPES = YES;
				CLANG_WARN_SUSPICIOUS_MOVE = YES;
				CLANG_WARN_UNGUARDED_AVAILABILITY = YES_AGGRESSIVE;
				CLANG_WARN_UNREACHABLE_CODE = YES;
				CLANG_WARN__DUPLICATE_METHOD_MATCH = YES;
				COPY_PHASE_STRIP = NO;
				DEBUG_INFORMATION_FORMAT = "dwarf-with-dsym";
				ENABLE_NS_ASSERTIONS = NO;
				ENABLE_STRICT_OBJC_MSGSEND = YES;
				GCC_C_LANGUAGE_STANDARD = gnu11;
				GCC_NO_COMMON_BLOCKS = YES;
				GCC_WARN_64_TO_32_BIT_CONVERSION = YES;
				GCC_WARN_ABOUT_RETURN_TYPE = YES_ERROR;
				GCC_WARN_UNDECLARED_SELECTOR = YES;
				GCC_WARN_UNINITIALIZED_AUTOS = YES_AGGRESSIVE;
				GCC_WARN_UNUSED_FUNCTION = YES;
				GCC_WARN_UNUSED_VARIABLE = YES;
				MACOSX_DEPLOYMENT_TARGET = 11.3;
				MTL_ENABLE_DEBUG_INFO = NO;
				MTL_FAST_MATH = YES;
				SDKROOT = macosx;
			};
			name = Release;
		};
		BFE19DF82825BFA800D72F99 /* Debug */ = {
			isa = XCBuildConfiguration;
			buildSettings = {
				ASSETCATALOG_COMPILER_APPICON_NAME = AppIcon;
				ASSETCATALOG_COMPILER_GLOBAL_ACCENT_COLOR_NAME = AccentColor;
				CODE_SIGN_ENTITLEMENTS = DockAltTab/DockAltTab.entitlements;
				CODE_SIGN_STYLE = Automatic;
				COMBINE_HIDPI_IMAGES = YES;
				CURRENT_PROJECT_VERSION = 1;
				DEVELOPMENT_TEAM = L33QBJT48B;
				ENABLE_HARDENED_RUNTIME = YES;
				GENERATE_INFOPLIST_FILE = YES;
				INFOPLIST_FILE = DockAltTab/Info.plist;
				INFOPLIST_KEY_LSApplicationCategoryType = "public.app-category.productivity";
				INFOPLIST_KEY_NSAppleEventsUsageDescription = "DockAltTab needs to control System Events";
				INFOPLIST_KEY_NSHumanReadableCopyright = "GPL-3.0";
				INFOPLIST_KEY_NSMainNibFile = MainMenu;
				INFOPLIST_KEY_NSPrincipalClass = NSApplication;
				LD_RUNPATH_SEARCH_PATHS = (
					"$(inherited)",
					"@executable_path/../Frameworks",
				);
				MACOSX_DEPLOYMENT_TARGET = 11.3;
				MARKETING_VERSION = 2.5;
				PRODUCT_BUNDLE_IDENTIFIER = com.steventheworker.DockAltTab;
				PRODUCT_NAME = "$(TARGET_NAME)";
				SWIFT_EMIT_LOC_STRINGS = YES;
			};
			name = Debug;
		};
		BFE19DF92825BFA800D72F99 /* Release */ = {
			isa = XCBuildConfiguration;
			buildSettings = {
				ASSETCATALOG_COMPILER_APPICON_NAME = AppIcon;
				ASSETCATALOG_COMPILER_GLOBAL_ACCENT_COLOR_NAME = AccentColor;
				CODE_SIGN_ENTITLEMENTS = DockAltTab/DockAltTab.entitlements;
				CODE_SIGN_IDENTITY = "-";
				CODE_SIGN_STYLE = Automatic;
				COMBINE_HIDPI_IMAGES = YES;
				CURRENT_PROJECT_VERSION = 1;
				DEVELOPMENT_TEAM = L33QBJT48B;
				ENABLE_HARDENED_RUNTIME = YES;
				GENERATE_INFOPLIST_FILE = YES;
				INFOPLIST_FILE = DockAltTab/Info.plist;
				INFOPLIST_KEY_LSApplicationCategoryType = "public.app-category.productivity";
				INFOPLIST_KEY_NSAppleEventsUsageDescription = "DockAltTab needs to control System Events";
				INFOPLIST_KEY_NSHumanReadableCopyright = "GPL-3.0";
				INFOPLIST_KEY_NSMainNibFile = MainMenu;
				INFOPLIST_KEY_NSPrincipalClass = NSApplication;
				LD_RUNPATH_SEARCH_PATHS = (
					"$(inherited)",
					"@executable_path/../Frameworks",
				);
				MACOSX_DEPLOYMENT_TARGET = 11.3;
				MARKETING_VERSION = 2.5;
				PRODUCT_BUNDLE_IDENTIFIER = com.steventheworker.DockAltTab;
				PRODUCT_NAME = "$(TARGET_NAME)";
				SWIFT_EMIT_LOC_STRINGS = YES;
			};
			name = Release;
		};
/* End XCBuildConfiguration section */

/* Begin XCConfigurationList section */
		BFE19DE22825BFA600D72F99 /* Build configuration list for PBXProject "DockAltTab" */ = {
			isa = XCConfigurationList;
			buildConfigurations = (
				BFE19DF52825BFA800D72F99 /* Debug */,
				BFE19DF62825BFA800D72F99 /* Release */,
			);
			defaultConfigurationIsVisible = 0;
			defaultConfigurationName = Release;
		};
		BFE19DF72825BFA800D72F99 /* Build configuration list for PBXNativeTarget "DockAltTab" */ = {
			isa = XCConfigurationList;
			buildConfigurations = (
				BFE19DF82825BFA800D72F99 /* Debug */,
				BFE19DF92825BFA800D72F99 /* Release */,
			);
			defaultConfigurationIsVisible = 0;
			defaultConfigurationName = Release;
		};
/* End XCConfigurationList section */
	};
	rootObject = BFE19DDF2825BFA600D72F99 /* Project object */;
}
