// !$*UTF8*$!
{
	archiveVersion = 1;
	classes = {
	};
	objectVersion = 55;
	objects = {

/* Begin PBXBuildFile section */
		B8DBCC6FBB174D2169DF08DB /* Pods_DockAltTab.framework in Frameworks */ = {isa = PBXBuildFile; fileRef = 0683D10C786146384EAD6918 /* Pods_DockAltTab.framework */; };
		BF0A905F290F6D230088A4F8 /* README.md in Resources */ = {isa = PBXBuildFile; fileRef = BF0A905E290F6D230088A4F8 /* README.md */; };
		BF0E91F82829142A00D21AD5 /* Assets.xcassets in Resources */ = {isa = PBXBuildFile; fileRef = BF0E91F72829142A00D21AD5 /* Assets.xcassets */; };
		BF0E91FB2829191D00D21AD5 /* helperLib.m in Sources */ = {isa = PBXBuildFile; fileRef = BF0E91FA2829191D00D21AD5 /* helperLib.m */; };
		BF0E920128291F0700D21AD5 /* app.m in Sources */ = {isa = PBXBuildFile; fileRef = BF0E920028291F0700D21AD5 /* app.m */; };
		BF0E921F2829556900D21AD5 /* MenuIcon.png in Resources */ = {isa = PBXBuildFile; fileRef = BF0E921E2829556900D21AD5 /* MenuIcon.png */; };
		BF10DAF92AA597190067458E /* MainMenu.xib in Resources */ = {isa = PBXBuildFile; fileRef = BF10DAF72AA597190067458E /* MainMenu.xib */; };
		BF10DAFB2AA597D70067458E /* prefs.xib in Resources */ = {isa = PBXBuildFile; fileRef = BF10DAFA2AA597D70067458E /* prefs.xib */; };
		BF10DAFD2AA5B5BE0067458E /* Podfile in Resources */ = {isa = PBXBuildFile; fileRef = BF10DAFC2AA5B5BE0067458E /* Podfile */; };
		BF15089429038B8B00DF343F /* globals.m in Sources */ = {isa = PBXBuildFile; fileRef = BF15089329038B8B00DF343F /* globals.m */; };
		BFB7B20F2AB6CDC900D707FA /* MenuDelegate.m in Sources */ = {isa = PBXBuildFile; fileRef = BFB7B20E2AB6CDC900D707FA /* MenuDelegate.m */; };
		BFE19DEC2825BFA600D72F99 /* AppDelegate.m in Sources */ = {isa = PBXBuildFile; fileRef = BFE19DEB2825BFA600D72F99 /* AppDelegate.m */; };
		BFE19DF32825BFA800D72F99 /* main.m in Sources */ = {isa = PBXBuildFile; fileRef = BFE19DF22825BFA800D72F99 /* main.m */; };
/* End PBXBuildFile section */

/* Begin PBXFileReference section */
		0683D10C786146384EAD6918 /* Pods_DockAltTab.framework */ = {isa = PBXFileReference; explicitFileType = wrapper.framework; includeInIndex = 0; path = Pods_DockAltTab.framework; sourceTree = BUILT_PRODUCTS_DIR; };
		399CEBF6CAE28C2C50B8D479 /* Pods-DockAltTab.debug.xcconfig */ = {isa = PBXFileReference; includeInIndex = 1; lastKnownFileType = text.xcconfig; name = "Pods-DockAltTab.debug.xcconfig"; path = "Target Support Files/Pods-DockAltTab/Pods-DockAltTab.debug.xcconfig"; sourceTree = "<group>"; };
		6DC2AC88A5C05A78EAEAD203 /* Pods-DockAltTab.release.xcconfig */ = {isa = PBXFileReference; includeInIndex = 1; lastKnownFileType = text.xcconfig; name = "Pods-DockAltTab.release.xcconfig"; path = "Target Support Files/Pods-DockAltTab/Pods-DockAltTab.release.xcconfig"; sourceTree = "<group>"; };
		BF0A905E290F6D230088A4F8 /* README.md */ = {isa = PBXFileReference; fileEncoding = 4; lastKnownFileType = net.daringfireball.markdown; path = README.md; sourceTree = "<group>"; };
		BF0E91F72829142A00D21AD5 /* Assets.xcassets */ = {isa = PBXFileReference; lastKnownFileType = folder.assetcatalog; path = Assets.xcassets; sourceTree = "<group>"; };
		BF0E91F92829191D00D21AD5 /* helperLib.h */ = {isa = PBXFileReference; lastKnownFileType = sourcecode.c.h; path = helperLib.h; sourceTree = "<group>"; };
		BF0E91FA2829191D00D21AD5 /* helperLib.m */ = {isa = PBXFileReference; lastKnownFileType = sourcecode.c.objc; path = helperLib.m; sourceTree = "<group>"; };
		BF0E91FF28291F0700D21AD5 /* app.h */ = {isa = PBXFileReference; lastKnownFileType = sourcecode.c.h; path = app.h; sourceTree = "<group>"; };
		BF0E920028291F0700D21AD5 /* app.m */ = {isa = PBXFileReference; lastKnownFileType = sourcecode.c.objc; path = app.m; sourceTree = "<group>"; };
		BF0E921E2829556900D21AD5 /* MenuIcon.png */ = {isa = PBXFileReference; lastKnownFileType = image.png; path = MenuIcon.png; sourceTree = "<group>"; };
		BF10DAF82AA597190067458E /* Base */ = {isa = PBXFileReference; lastKnownFileType = file.xib; name = Base; path = Base.lproj/MainMenu.xib; sourceTree = "<group>"; };
		BF10DAFA2AA597D70067458E /* prefs.xib */ = {isa = PBXFileReference; lastKnownFileType = file.xib; name = prefs.xib; path = DockAltTab/prefs.xib; sourceTree = SOURCE_ROOT; };
		BF10DAFC2AA5B5BE0067458E /* Podfile */ = {isa = PBXFileReference; fileEncoding = 4; lastKnownFileType = text; path = Podfile; sourceTree = "<group>"; xcLanguageSpecificationIdentifier = xcode.lang.ruby; };
		BF10DAFE2AA5B72D0067458E /* DockAltTabDebug.entitlements */ = {isa = PBXFileReference; lastKnownFileType = text.plist.entitlements; path = DockAltTabDebug.entitlements; sourceTree = "<group>"; };
		BF15088B2903782B00DF343F /* globals.h */ = {isa = PBXFileReference; lastKnownFileType = sourcecode.c.h; path = globals.h; sourceTree = "<group>"; };
		BF15089329038B8B00DF343F /* globals.m */ = {isa = PBXFileReference; fileEncoding = 4; lastKnownFileType = sourcecode.c.objc; path = globals.m; sourceTree = "<group>"; };
		BFB7B20D2AB6CDC900D707FA /* MenuDelegate.h */ = {isa = PBXFileReference; lastKnownFileType = sourcecode.c.h; path = MenuDelegate.h; sourceTree = "<group>"; };
		BFB7B20E2AB6CDC900D707FA /* MenuDelegate.m */ = {isa = PBXFileReference; lastKnownFileType = sourcecode.c.objc; path = MenuDelegate.m; sourceTree = "<group>"; };
		BFE19DE72825BFA600D72F99 /* DockAltTab.app */ = {isa = PBXFileReference; explicitFileType = wrapper.application; includeInIndex = 0; path = DockAltTab.app; sourceTree = BUILT_PRODUCTS_DIR; };
		BFE19DEA2825BFA600D72F99 /* AppDelegate.h */ = {isa = PBXFileReference; lastKnownFileType = sourcecode.c.h; path = AppDelegate.h; sourceTree = "<group>"; };
		BFE19DEB2825BFA600D72F99 /* AppDelegate.m */ = {isa = PBXFileReference; lastKnownFileType = sourcecode.c.objc; path = AppDelegate.m; sourceTree = "<group>"; };
		BFE19DF22825BFA800D72F99 /* main.m */ = {isa = PBXFileReference; lastKnownFileType = sourcecode.c.objc; path = main.m; sourceTree = "<group>"; };
		BFE19DF42825BFA800D72F99 /* DockAltTab.entitlements */ = {isa = PBXFileReference; lastKnownFileType = text.plist.entitlements; path = DockAltTab.entitlements; sourceTree = "<group>"; };
		BFE19DFA2825C63600D72F99 /* Info.plist */ = {isa = PBXFileReference; lastKnownFileType = text.plist; path = Info.plist; sourceTree = "<group>"; };
/* End PBXFileReference section */

/* Begin PBXFrameworksBuildPhase section */
		BFE19DE42825BFA600D72F99 /* Frameworks */ = {
			isa = PBXFrameworksBuildPhase;
			buildActionMask = 2147483647;
			files = (
				B8DBCC6FBB174D2169DF08DB /* Pods_DockAltTab.framework in Frameworks */,
			);
			runOnlyForDeploymentPostprocessing = 0;
		};
/* End PBXFrameworksBuildPhase section */

/* Begin PBXGroup section */
		48B6D8A5CAC9C751725C1407 /* Pods */ = {
			isa = PBXGroup;
			children = (
				399CEBF6CAE28C2C50B8D479 /* Pods-DockAltTab.debug.xcconfig */,
				6DC2AC88A5C05A78EAEAD203 /* Pods-DockAltTab.release.xcconfig */,
			);
			path = Pods;
			sourceTree = "<group>";
		};
		BF15089229038AFD00DF343F /* src */ = {
			isa = PBXGroup;
			children = (
				BF0E91FF28291F0700D21AD5 /* app.h */,
				BF0E920028291F0700D21AD5 /* app.m */,
				BF15088B2903782B00DF343F /* globals.h */,
				BF15089329038B8B00DF343F /* globals.m */,
				BF0E91F92829191D00D21AD5 /* helperLib.h */,
				BF0E91FA2829191D00D21AD5 /* helperLib.m */,
				BFB7B20D2AB6CDC900D707FA /* MenuDelegate.h */,
				BFB7B20E2AB6CDC900D707FA /* MenuDelegate.m */,
			);
			path = src;
			sourceTree = "<group>";
		};
		BFE19DDE2825BFA600D72F99 = {
			isa = PBXGroup;
			children = (
				BF0A905E290F6D230088A4F8 /* README.md */,
				BFE19DE92825BFA600D72F99 /* DockAltTab */,
				BF10DAFC2AA5B5BE0067458E /* Podfile */,
				BFE19DE82825BFA600D72F99 /* Products */,
				48B6D8A5CAC9C751725C1407 /* Pods */,
				E531A276B7975602C53246B5 /* Frameworks */,
			);
			sourceTree = "<group>";
		};
		BFE19DE82825BFA600D72F99 /* Products */ = {
			isa = PBXGroup;
			children = (
				BFE19DE72825BFA600D72F99 /* DockAltTab.app */,
			);
			name = Products;
			sourceTree = "<group>";
		};
		BFE19DE92825BFA600D72F99 /* DockAltTab */ = {
			isa = PBXGroup;
			children = (
				BF15089229038AFD00DF343F /* src */,
				BFE19DEA2825BFA600D72F99 /* AppDelegate.h */,
				BFE19DEB2825BFA600D72F99 /* AppDelegate.m */,
				BFE19DF22825BFA800D72F99 /* main.m */,
				BF0E91F72829142A00D21AD5 /* Assets.xcassets */,
				BF0E921E2829556900D21AD5 /* MenuIcon.png */,
				BF10DAF72AA597190067458E /* MainMenu.xib */,
				BF10DAFA2AA597D70067458E /* prefs.xib */,
				BFE19DFA2825C63600D72F99 /* Info.plist */,
				BF10DAFE2AA5B72D0067458E /* DockAltTabDebug.entitlements */,
				BFE19DF42825BFA800D72F99 /* DockAltTab.entitlements */,
			);
			path = DockAltTab;
			sourceTree = "<group>";
		};
		E531A276B7975602C53246B5 /* Frameworks */ = {
			isa = PBXGroup;
			children = (
				0683D10C786146384EAD6918 /* Pods_DockAltTab.framework */,
			);
			name = Frameworks;
			sourceTree = "<group>";
		};
/* End PBXGroup section */

/* Begin PBXNativeTarget section */
		BFE19DE62825BFA600D72F99 /* DockAltTab */ = {
			isa = PBXNativeTarget;
			buildConfigurationList = BFE19DF72825BFA800D72F99 /* Build configuration list for PBXNativeTarget "DockAltTab" */;
			buildPhases = (
				ED081F087C750ADFD96D2C1C /* [CP] Check Pods Manifest.lock */,
				BFE19DE32825BFA600D72F99 /* Sources */,
				BFE19DE42825BFA600D72F99 /* Frameworks */,
				BFE19DE52825BFA600D72F99 /* Resources */,
				784A0DD17CC5BC1D4FD21134 /* [CP] Embed Pods Frameworks */,
			);
			buildRules = (
			);
			dependencies = (
			);
			name = DockAltTab;
			productName = DockAltTab;
			productReference = BFE19DE72825BFA600D72F99 /* DockAltTab.app */;
			productType = "com.apple.product-type.application";
		};
/* End PBXNativeTarget section */

/* Begin PBXProject section */
		BFE19DDF2825BFA600D72F99 /* Project object */ = {
			isa = PBXProject;
			attributes = {
				BuildIndependentTargetsInParallel = 1;
				LastUpgradeCheck = 1410;
				TargetAttributes = {
					BFE19DE62825BFA600D72F99 = {
						CreatedOnToolsVersion = 13.3.1;
					};
				};
			};
			buildConfigurationList = BFE19DE22825BFA600D72F99 /* Build configuration list for PBXProject "DockAltTab" */;
			compatibilityVersion = "Xcode 13.0";
			developmentRegion = en;
			hasScannedForEncodings = 0;
			knownRegions = (
				en,
				Base,
			);
			mainGroup = BFE19DDE2825BFA600D72F99;
			productRefGroup = BFE19DE82825BFA600D72F99 /* Products */;
			projectDirPath = "";
			projectRoot = "";
			targets = (
				BFE19DE62825BFA600D72F99 /* DockAltTab */,
			);
		};
/* End PBXProject section */

/* Begin PBXResourcesBuildPhase section */
		BFE19DE52825BFA600D72F99 /* Resources */ = {
			isa = PBXResourcesBuildPhase;
			buildActionMask = 2147483647;
			files = (
				BF10DAFD2AA5B5BE0067458E /* Podfile in Resources */,
				BF10DAFB2AA597D70067458E /* prefs.xib in Resources */,
				BF0E921F2829556900D21AD5 /* MenuIcon.png in Resources */,
				BF0E91F82829142A00D21AD5 /* Assets.xcassets in Resources */,
				BF0A905F290F6D230088A4F8 /* README.md in Resources */,
				BF10DAF92AA597190067458E /* MainMenu.xib in Resources */,
			);
			runOnlyForDeploymentPostprocessing = 0;
		};
/* End PBXResourcesBuildPhase section */

/* Begin PBXShellScriptBuildPhase section */
		784A0DD17CC5BC1D4FD21134 /* [CP] Embed Pods Frameworks */ = {
			isa = PBXShellScriptBuildPhase;
			buildActionMask = 2147483647;
			files = (
			);
			inputFileListPaths = (
				"${PODS_ROOT}/Target Support Files/Pods-DockAltTab/Pods-DockAltTab-frameworks-${CONFIGURATION}-input-files.xcfilelist",
			);
			name = "[CP] Embed Pods Frameworks";
			outputFileListPaths = (
				"${PODS_ROOT}/Target Support Files/Pods-DockAltTab/Pods-DockAltTab-frameworks-${CONFIGURATION}-output-files.xcfilelist",
			);
			runOnlyForDeploymentPostprocessing = 0;
			shellPath = /bin/sh;
			shellScript = "\"${PODS_ROOT}/Target Support Files/Pods-DockAltTab/Pods-DockAltTab-frameworks.sh\"\n";
			showEnvVarsInLog = 0;
		};
		ED081F087C750ADFD96D2C1C /* [CP] Check Pods Manifest.lock */ = {
			isa = PBXShellScriptBuildPhase;
			buildActionMask = 2147483647;
			files = (
			);
			inputFileListPaths = (
			);
			inputPaths = (
				"${PODS_PODFILE_DIR_PATH}/Podfile.lock",
				"${PODS_ROOT}/Manifest.lock",
			);
			name = "[CP] Check Pods Manifest.lock";
			outputFileListPaths = (
			);
			outputPaths = (
				"$(DERIVED_FILE_DIR)/Pods-DockAltTab-checkManifestLockResult.txt",
			);
			runOnlyForDeploymentPostprocessing = 0;
			shellPath = /bin/sh;
			shellScript = "diff \"${PODS_PODFILE_DIR_PATH}/Podfile.lock\" \"${PODS_ROOT}/Manifest.lock\" > /dev/null\nif [ $? != 0 ] ; then\n    # print error to STDERR\n    echo \"error: The sandbox is not in sync with the Podfile.lock. Run 'pod install' or update your CocoaPods installation.\" >&2\n    exit 1\nfi\n# This output is used by Xcode 'outputs' to avoid re-running this script phase.\necho \"SUCCESS\" > \"${SCRIPT_OUTPUT_FILE_0}\"\n";
			showEnvVarsInLog = 0;
		};
/* End PBXShellScriptBuildPhase section */

/* Begin PBXSourcesBuildPhase section */
		BFE19DE32825BFA600D72F99 /* Sources */ = {
			isa = PBXSourcesBuildPhase;
			buildActionMask = 2147483647;
			files = (
				BFE19DF32825BFA800D72F99 /* main.m in Sources */,
				BFB7B20F2AB6CDC900D707FA /* MenuDelegate.m in Sources */,
				BF15089429038B8B00DF343F /* globals.m in Sources */,
				BF0E920128291F0700D21AD5 /* app.m in Sources */,
				BF0E91FB2829191D00D21AD5 /* helperLib.m in Sources */,
				BFE19DEC2825BFA600D72F99 /* AppDelegate.m in Sources */,
			);
			runOnlyForDeploymentPostprocessing = 0;
		};
/* End PBXSourcesBuildPhase section */

/* Begin PBXVariantGroup section */
		BF10DAF72AA597190067458E /* MainMenu.xib */ = {
			isa = PBXVariantGroup;
			children = (
				BF10DAF82AA597190067458E /* Base */,
			);
			name = MainMenu.xib;
			sourceTree = "<group>";
		};
/* End PBXVariantGroup section */

/* Begin XCBuildConfiguration section */
		BFE19DF52825BFA800D72F99 /* Debug */ = {
			isa = XCBuildConfiguration;
			buildSettings = {
				ALWAYS_SEARCH_USER_PATHS = NO;
				CLANG_ANALYZER_NONNULL = YES;
				CLANG_ANALYZER_NUMBER_OBJECT_CONVERSION = YES_AGGRESSIVE;
				CLANG_CXX_LANGUAGE_STANDARD = "gnu++17";
				CLANG_ENABLE_MODULES = YES;
				CLANG_ENABLE_OBJC_ARC = YES;
				CLANG_ENABLE_OBJC_WEAK = YES;
				CLANG_WARN_BLOCK_CAPTURE_AUTORELEASING = YES;
				CLANG_WARN_BOOL_CONVERSION = YES;
				CLANG_WARN_COMMA = YES;
				CLANG_WARN_CONSTANT_CONVERSION = YES;
				CLANG_WARN_DEPRECATED_OBJC_IMPLEMENTATIONS = YES;
				CLANG_WARN_DIRECT_OBJC_ISA_USAGE = YES_ERROR;
				CLANG_WARN_DOCUMENTATION_COMMENTS = YES;
				CLANG_WARN_EMPTY_BODY = YES;
				CLANG_WARN_ENUM_CONVERSION = YES;
				CLANG_WARN_INFINITE_RECURSION = YES;
				CLANG_WARN_INT_CONVERSION = YES;
				CLANG_WARN_NON_LITERAL_NULL_CONVERSION = YES;
				CLANG_WARN_OBJC_IMPLICIT_RETAIN_SELF = YES;
				CLANG_WARN_OBJC_LITERAL_CONVERSION = YES;
				CLANG_WARN_OBJC_ROOT_CLASS = YES_ERROR;
				CLANG_WARN_QUOTED_INCLUDE_IN_FRAMEWORK_HEADER = YES;
				CLANG_WARN_RANGE_LOOP_ANALYSIS = YES;
				CLANG_WARN_STRICT_PROTOTYPES = YES;
				CLANG_WARN_SUSPICIOUS_MOVE = YES;
				CLANG_WARN_UNGUARDED_AVAILABILITY = YES_AGGRESSIVE;
				CLANG_WARN_UNREACHABLE_CODE = YES;
				CLANG_WARN__DUPLICATE_METHOD_MATCH = YES;
				COPY_PHASE_STRIP = NO;
				DEAD_CODE_STRIPPING = YES;
				DEBUG_INFORMATION_FORMAT = dwarf;
				ENABLE_STRICT_OBJC_MSGSEND = YES;
				ENABLE_TESTABILITY = YES;
				GCC_C_LANGUAGE_STANDARD = gnu11;
				GCC_DYNAMIC_NO_PIC = NO;
				GCC_NO_COMMON_BLOCKS = YES;
				GCC_OPTIMIZATION_LEVEL = 0;
				GCC_PREPROCESSOR_DEFINITIONS = (
					"DEBUG=1",
					"$(inherited)",
				);
				GCC_WARN_64_TO_32_BIT_CONVERSION = YES;
				GCC_WARN_ABOUT_RETURN_TYPE = YES_ERROR;
				GCC_WARN_UNDECLARED_SELECTOR = YES;
				GCC_WARN_UNINITIALIZED_AUTOS = YES_AGGRESSIVE;
				GCC_WARN_UNUSED_FUNCTION = YES;
				GCC_WARN_UNUSED_VARIABLE = YES;
				MACOSX_DEPLOYMENT_TARGET = 11.3;
				MTL_ENABLE_DEBUG_INFO = INCLUDE_SOURCE;
				MTL_FAST_MATH = YES;
				ONLY_ACTIVE_ARCH = YES;
				SDKROOT = macosx;
			};
			name = Debug;
		};
		BFE19DF62825BFA800D72F99 /* Release */ = {
			isa = XCBuildConfiguration;
			buildSettings = {
				ALWAYS_SEARCH_USER_PATHS = NO;
				CLANG_ANALYZER_NONNULL = YES;
				CLANG_ANALYZER_NUMBER_OBJECT_CONVERSION = YES_AGGRESSIVE;
				CLANG_CXX_LANGUAGE_STANDARD = "gnu++17";
				CLANG_ENABLE_MODULES = YES;
				CLANG_ENABLE_OBJC_ARC = YES;
				CLANG_ENABLE_OBJC_WEAK = YES;
				CLANG_WARN_BLOCK_CAPTURE_AUTORELEASING = YES;
				CLANG_WARN_BOOL_CONVERSION = YES;
				CLANG_WARN_COMMA = YES;
				CLANG_WARN_CONSTANT_CONVERSION = YES;
				CLANG_WARN_DEPRECATED_OBJC_IMPLEMENTATIONS = YES;
				CLANG_WARN_DIRECT_OBJC_ISA_USAGE = YES_ERROR;
				CLANG_WARN_DOCUMENTATION_COMMENTS = YES;
				CLANG_WARN_EMPTY_BODY = YES;
				CLANG_WARN_ENUM_CONVERSION = YES;
				CLANG_WARN_INFINITE_RECURSION = YES;
				CLANG_WARN_INT_CONVERSION = YES;
				CLANG_WARN_NON_LITERAL_NULL_CONVERSION = YES;
				CLANG_WARN_OBJC_IMPLICIT_RETAIN_SELF = YES;
				CLANG_WARN_OBJC_LITERAL_CONVERSION = YES;
				CLANG_WARN_OBJC_ROOT_CLASS = YES_ERROR;
				CLANG_WARN_QUOTED_INCLUDE_IN_FRAMEWORK_HEADER = YES;
				CLANG_WARN_RANGE_LOOP_ANALYSIS = YES;
				CLANG_WARN_STRICT_PROTOTYPES = YES;
				CLANG_WARN_SUSPICIOUS_MOVE = YES;
				CLANG_WARN_UNGUARDED_AVAILABILITY = YES_AGGRESSIVE;
				CLANG_WARN_UNREACHABLE_CODE = YES;
				CLANG_WARN__DUPLICATE_METHOD_MATCH = YES;
				COPY_PHASE_STRIP = NO;
				DEAD_CODE_STRIPPING = YES;
				DEBUG_INFORMATION_FORMAT = "dwarf-with-dsym";
				ENABLE_NS_ASSERTIONS = NO;
				ENABLE_STRICT_OBJC_MSGSEND = YES;
				GCC_C_LANGUAGE_STANDARD = gnu11;
				GCC_NO_COMMON_BLOCKS = YES;
				GCC_WARN_64_TO_32_BIT_CONVERSION = YES;
				GCC_WARN_ABOUT_RETURN_TYPE = YES_ERROR;
				GCC_WARN_UNDECLARED_SELECTOR = YES;
				GCC_WARN_UNINITIALIZED_AUTOS = YES_AGGRESSIVE;
				GCC_WARN_UNUSED_FUNCTION = YES;
				GCC_WARN_UNUSED_VARIABLE = YES;
				MACOSX_DEPLOYMENT_TARGET = 11.3;
				MTL_ENABLE_DEBUG_INFO = NO;
				MTL_FAST_MATH = YES;
				SDKROOT = macosx;
			};
			name = Release;
		};
		BFE19DF82825BFA800D72F99 /* Debug */ = {
			isa = XCBuildConfiguration;
			baseConfigurationReference = 399CEBF6CAE28C2C50B8D479 /* Pods-DockAltTab.debug.xcconfig */;
			buildSettings = {
				ASSETCATALOG_COMPILER_APPICON_NAME = AppIcon;
				ASSETCATALOG_COMPILER_GLOBAL_ACCENT_COLOR_NAME = AccentColor;
				CODE_SIGN_ENTITLEMENTS = DockAltTab/DockAltTabDebug.entitlements;
				CODE_SIGN_IDENTITY = "Apple Development";
				"CODE_SIGN_IDENTITY[sdk=macosx*]" = "Apple Development";
				CODE_SIGN_STYLE = Automatic;
				COMBINE_HIDPI_IMAGES = YES;
				CURRENT_PROJECT_VERSION = 2.91.0;
				DEAD_CODE_STRIPPING = YES;
				DEVELOPMENT_TEAM = L33QBJT48B;
				ENABLE_HARDENED_RUNTIME = YES;
				GENERATE_INFOPLIST_FILE = YES;
				INFOPLIST_FILE = DockAltTab/Info.plist;
				INFOPLIST_KEY_LSApplicationCategoryType = "public.app-category.productivity";
				INFOPLIST_KEY_LSUIElement = YES;
				INFOPLIST_KEY_NSAppleEventsUsageDescription = "DockAltTab needs to control System Events";
				INFOPLIST_KEY_NSHumanReadableCopyright = "GPL-3.0";
				INFOPLIST_KEY_NSMainNibFile = MainMenu;
				INFOPLIST_KEY_NSPrincipalClass = NSApplication;
				INFOPLIST_KEY_UILaunchStoryboardName = MainMenu.xib;
				LD_RUNPATH_SEARCH_PATHS = (
					"$(inherited)",
					"@executable_path/../Frameworks",
				);
				MACOSX_DEPLOYMENT_TARGET = 11.3;
				MARKETING_VERSION = 2.91.0;
				PRODUCT_BUNDLE_IDENTIFIER = com.steventheworker.DockAltTab;
				PRODUCT_NAME = "$(TARGET_NAME)";
				PROVISIONING_PROFILE_SPECIFIER = "";
				SWIFT_EMIT_LOC_STRINGS = YES;
			};
			name = Debug;
		};
		BFE19DF92825BFA800D72F99 /* Release */ = {
			isa = XCBuildConfiguration;
			baseConfigurationReference = 6DC2AC88A5C05A78EAEAD203 /* Pods-DockAltTab.release.xcconfig */;
			buildSettings = {
				ASSETCATALOG_COMPILER_APPICON_NAME = AppIcon;
				ASSETCATALOG_COMPILER_GLOBAL_ACCENT_COLOR_NAME = AccentColor;
				CODE_SIGN_ENTITLEMENTS = DockAltTab/DockAltTab.entitlements;
				CODE_SIGN_IDENTITY = "-";
				CODE_SIGN_STYLE = Automatic;
				COMBINE_HIDPI_IMAGES = YES;
				CURRENT_PROJECT_VERSION = 2.91.0;
				DEAD_CODE_STRIPPING = YES;
				DEVELOPMENT_TEAM = L33QBJT48B;
				ENABLE_HARDENED_RUNTIME = YES;
				GENERATE_INFOPLIST_FILE = YES;
				INFOPLIST_FILE = DockAltTab/Info.plist;
				INFOPLIST_KEY_LSApplicationCategoryType = "public.app-category.productivity";
				INFOPLIST_KEY_LSUIElement = YES;
				INFOPLIST_KEY_NSAppleEventsUsageDescription = "DockAltTab needs to control System Events";
				INFOPLIST_KEY_NSHumanReadableCopyright = "GPL-3.0";
				INFOPLIST_KEY_NSMainNibFile = MainMenu;
				INFOPLIST_KEY_NSPrincipalClass = NSApplication;
				INFOPLIST_KEY_UILaunchStoryboardName = MainMenu.xib;
				LD_RUNPATH_SEARCH_PATHS = (
					"$(inherited)",
					"@executable_path/../Frameworks",
				);
				MACOSX_DEPLOYMENT_TARGET = 11.3;
				MARKETING_VERSION = 2.91.0;
				PRODUCT_BUNDLE_IDENTIFIER = com.steventheworker.DockAltTab;
				PRODUCT_NAME = "$(TARGET_NAME)";
				SWIFT_EMIT_LOC_STRINGS = YES;
			};
			name = Release;
		};
/* End XCBuildConfiguration section */

/* Begin XCConfigurationList section */
		BFE19DE22825BFA600D72F99 /* Build configuration list for PBXProject "DockAltTab" */ = {
			isa = XCConfigurationList;
			buildConfigurations = (
				BFE19DF52825BFA800D72F99 /* Debug */,
				BFE19DF62825BFA800D72F99 /* Release */,
			);
			defaultConfigurationIsVisible = 0;
			defaultConfigurationName = Release;
		};
		BFE19DF72825BFA800D72F99 /* Build configuration list for PBXNativeTarget "DockAltTab" */ = {
			isa = XCConfigurationList;
			buildConfigurations = (
				BFE19DF82825BFA800D72F99 /* Debug */,
				BFE19DF92825BFA800D72F99 /* Release */,
			);
			defaultConfigurationIsVisible = 0;
			defaultConfigurationName = Release;
		};
/* End XCConfigurationList section */
	};
	rootObject = BFE19DDF2825BFA600D72F99 /* Project object */;
}
