// !$*UTF8*$!
{
	archiveVersion = 1;
	classes = {
	};
	objectVersion = 70;
	objects = {

/* Begin PBXBuildFile section */
		442E26DB1F7DA80AF794CCB6 /* Pods_unit_tests.framework in Frameworks */ = {isa = PBXBuildFile; fileRef = C7E6F409CA442F83B7BE71AD /* Pods_unit_tests.framework */; };
		4807A6C623A9CD190052A53E /* SkyLight.framework in Frameworks */ = {isa = PBXBuildFile; fileRef = 4807A6C523A9CD190052A53E /* SkyLight.framework */; };
		76D02BB22BFE7C9E0056008D /* Pods_alt_tab_macos.framework in Frameworks */ = {isa = PBXBuildFile; fileRef = C0712B3BEA2B3780398C0999 /* Pods_alt_tab_macos.framework */; };
		BF0C8846AFEE2FFF93FAB36F /* src/logic/AppearanceTestable.swift in Sources */ = {isa = PBXBuildFile; fileRef = BF0C8D57C86AF492D43A576D /* src/logic/AppearanceTestable.swift */; };
		BF0C8AD478399D2E97AE3FB4 /* src/ui/generic-components/CustomRecorderControlTestable.swift in Sources */ = {isa = PBXBuildFile; fileRef = BF0C8DC2A355E29516DD2FAF /* src/ui/generic-components/CustomRecorderControlTestable.swift */; };
		BF0C8C5FA4B401A8C0F75B7A /* src/logic/events/KeyboardEventsTestable.swift in Sources */ = {isa = PBXBuildFile; fileRef = BF0C8643F524515224BF1618 /* src/logic/events/KeyboardEventsTestable.swift */; };
		BF0C8CC5057406014FD612CC /* src/logic/ATShortcut.swift in Sources */ = {isa = PBXBuildFile; fileRef = BF0C8BA452332236D972C60E /* src/logic/ATShortcut.swift */; };
		BF0C8F9B8014AD21E68B1349 /* src/api-wrappers/HelperExtensionsTestable.swift in Sources */ = {isa = PBXBuildFile; fileRef = BF0C810FA0F6BC70E5886E11 /* src/api-wrappers/HelperExtensionsTestable.swift */; };
		BF49DF3428355372004517BD /* DockAltTab.sdef in Resources */ = {isa = PBXBuildFile; fileRef = BF49DF3328355372004517BD /* DockAltTab.sdef */; };
		F00DCAFE0000000000001103 /* src/logic/search/SearchTestable.swift in Sources */ = {isa = PBXBuildFile; fileRef = F00DCAFE0000000000000003 /* src/logic/search/SearchTestable.swift */; };
		D04BA69012A483201B375D46 /* acknowledgments.md in Resources */ = {isa = PBXBuildFile; fileRef = D04BAADF01EB8FF8A15AECC6 /* acknowledgments.md */; };
		D04BA530F00E5989D66C6A1F /* contributors.md in Resources */ = {isa = PBXBuildFile; fileRef = D04BA812B8DCB915B8F4B915 /* contributors.md */; };
/* End PBXBuildFile section */

/* Begin PBXFileReference section */
		1C9616522F4E58860385E090 /* .swiftformat */ = {isa = PBXFileReference; lastKnownFileType = text; path = .swiftformat; sourceTree = "<group>"; };
		1C9618573E422118423CEC48 /* .swiftformatignore */ = {isa = PBXFileReference; lastKnownFileType = text; path = .swiftformatignore; sourceTree = "<group>"; };
		4807A6C523A9CD190052A53E /* SkyLight.framework */ = {isa = PBXFileReference; lastKnownFileType = wrapper.framework; name = SkyLight.framework; path = ../../../../System/Library/PrivateFrameworks/SkyLight.framework; sourceTree = "<group>"; };
		481FE54624D2D387001032F1 /* alt-tab-macos-Bridging-Header.h */ = {isa = PBXFileReference; lastKnownFileType = sourcecode.c.h; path = "alt-tab-macos-Bridging-Header.h"; sourceTree = "<group>"; };
		59DD4BE63D42EEFF1182BA7F /* Pods-alt-tab-macos.release.xcconfig */ = {isa = PBXFileReference; includeInIndex = 1; lastKnownFileType = text.xcconfig; name = "Pods-alt-tab-macos.release.xcconfig"; path = "Target Support Files/Pods-alt-tab-macos/Pods-alt-tab-macos.release.xcconfig"; sourceTree = "<group>"; };
		5F05D0E62F31441A004A95F9 /* AGENTS.md */ = {isa = PBXFileReference; lastKnownFileType = net.daringfireball.markdown; path = AGENTS.md; sourceTree = "<group>"; };
		672F94799CC7C90282AEB3EA /* Pods-alt-tab-macos.debug.xcconfig */ = {isa = PBXFileReference; includeInIndex = 1; lastKnownFileType = text.xcconfig; name = "Pods-alt-tab-macos.debug.xcconfig"; path = "Target Support Files/Pods-alt-tab-macos/Pods-alt-tab-macos.debug.xcconfig"; sourceTree = "<group>"; };
		7451B8433E47C444A6F489FF /* Pods-unit-tests.debug.xcconfig */ = {isa = PBXFileReference; includeInIndex = 1; lastKnownFileType = text.xcconfig; name = "Pods-unit-tests.debug.xcconfig"; path = "Target Support Files/Pods-unit-tests/Pods-unit-tests.debug.xcconfig"; sourceTree = "<group>"; };
		BF0C810FA0F6BC70E5886E11 /* src/api-wrappers/HelperExtensionsTestable.swift */ = {isa = PBXFileReference; fileEncoding = 4; lastKnownFileType = sourcecode.swift; path = "src/api-wrappers/HelperExtensionsTestable.swift"; sourceTree = SOURCE_ROOT; };
		BF0C81BB57B297B2432C4824 /* config/test-release.xcconfig */ = {isa = PBXFileReference; fileEncoding = 4; lastKnownFileType = text.xcconfig; path = "config/test-release.xcconfig"; sourceTree = SOURCE_ROOT; };
		BF0C832DEED422648209CCD2 /* unit-tests.xctest */ = {isa = PBXFileReference; explicitFileType = wrapper.cfbundle; includeInIndex = 0; path = "unit-tests.xctest"; sourceTree = BUILT_PRODUCTS_DIR; };
		BF0C85C20516C4210508F349 /* tsconfig.json */ = {isa = PBXFileReference; fileEncoding = 4; lastKnownFileType = text.json; path = tsconfig.json; sourceTree = "<group>"; };
		BF0C8643F524515224BF1618 /* src/logic/events/KeyboardEventsTestable.swift */ = {isa = PBXFileReference; fileEncoding = 4; lastKnownFileType = sourcecode.swift; path = src/logic/events/KeyboardEventsTestable.swift; sourceTree = SOURCE_ROOT; };
		BF0C8645B4CD1B11FABEF027 /* config/test-debug.xcconfig */ = {isa = PBXFileReference; fileEncoding = 4; lastKnownFileType = text.xcconfig; path = "config/test-debug.xcconfig"; sourceTree = SOURCE_ROOT; };
		BF0C87320241EAE01E38EF53 /* .periphery.yml */ = {isa = PBXFileReference; fileEncoding = 4; lastKnownFileType = text.yaml; path = .periphery.yml; sourceTree = "<group>"; };
		BF0C8BA452332236D972C60E /* src/logic/ATShortcut.swift */ = {isa = PBXFileReference; fileEncoding = 4; lastKnownFileType = sourcecode.swift; path = src/logic/ATShortcut.swift; sourceTree = SOURCE_ROOT; };
		BF0C8D57C86AF492D43A576D /* src/logic/AppearanceTestable.swift */ = {isa = PBXFileReference; fileEncoding = 4; lastKnownFileType = sourcecode.swift; path = src/logic/AppearanceTestable.swift; sourceTree = SOURCE_ROOT; };
		BF0C8DC2A355E29516DD2FAF /* src/ui/generic-components/CustomRecorderControlTestable.swift */ = {isa = PBXFileReference; fileEncoding = 4; lastKnownFileType = sourcecode.swift; path = "src/ui/generic-components/CustomRecorderControlTestable.swift"; sourceTree = SOURCE_ROOT; };
		BF49DF3328355372004517BD /* DockAltTab.sdef */ = {isa = PBXFileReference; fileEncoding = 4; lastKnownFileType = text.xml; path = DockAltTab.sdef; sourceTree = "<group>"; };
		C0712B3BEA2B3780398C0999 /* Pods_alt_tab_macos.framework */ = {isa = PBXFileReference; explicitFileType = wrapper.framework; includeInIndex = 0; path = Pods_alt_tab_macos.framework; sourceTree = BUILT_PRODUCTS_DIR; };
		C7E6F409CA442F83B7BE71AD /* Pods_unit_tests.framework */ = {isa = PBXFileReference; explicitFileType = wrapper.framework; includeInIndex = 0; path = Pods_unit_tests.framework; sourceTree = BUILT_PRODUCTS_DIR; };
		D04BA0E071D2EDFDB9A20523 /* Podfile */ = {isa = PBXFileReference; fileEncoding = 4; lastKnownFileType = text; path = Podfile; sourceTree = "<group>"; xcLanguageSpecificationIdentifier = xcode.lang.ruby; };
		D04BA0E1C5DBC07108AC2F54 /* README.md */ = {isa = PBXFileReference; fileEncoding = 4; lastKnownFileType = net.daringfireball.markdown; path = README.md; sourceTree = "<group>"; };
		D04BA1232AFEEFE90D5CC827 /* config/debug.xcconfig */ = {isa = PBXFileReference; fileEncoding = 4; lastKnownFileType = text.xcconfig; path = config/debug.xcconfig; sourceTree = SOURCE_ROOT; };
		D04BA18724DC58FA95DB33DB /* Podfile.lock */ = {isa = PBXFileReference; lastKnownFileType = file.lock; path = Podfile.lock; sourceTree = "<group>"; };
		D04BA4336B6004A0A99849AD /* package.json */ = {isa = PBXFileReference; fileEncoding = 4; lastKnownFileType = text.json; path = package.json; sourceTree = "<group>"; };
		D04BA459034C1885CA43A807 /* LICENCE.md */ = {isa = PBXFileReference; fileEncoding = 4; lastKnownFileType = net.daringfireball.markdown; path = LICENCE.md; sourceTree = "<group>"; };
		D04BA62D5EACAAAD7BCD3E79 /* config/release.xcconfig */ = {isa = PBXFileReference; fileEncoding = 4; lastKnownFileType = text.xcconfig; path = config/release.xcconfig; sourceTree = SOURCE_ROOT; };
		D04BA82F792DF53958D92572 /* DockAltTab.app */ = {isa = PBXFileReference; explicitFileType = wrapper.application; includeInIndex = 0; path = DockAltTab.app; sourceTree = BUILT_PRODUCTS_DIR; };
		D04BA84F172AE89F210CA01D /* Pipfile.lock */ = {isa = PBXFileReference; lastKnownFileType = file.lock; path = Pipfile.lock; sourceTree = "<group>"; };
		D04BAB8A94DA69A6B5008AE5 /* Pipfile */ = {isa = PBXFileReference; fileEncoding = 4; lastKnownFileType = text; path = Pipfile; sourceTree = "<group>"; };
		D04BAC02D60EF22D9CC7D969 /* commitlint.config.js */ = {isa = PBXFileReference; fileEncoding = 4; lastKnownFileType = sourcecode.javascript; path = commitlint.config.js; sourceTree = "<group>"; };
		D04BAD40CE2D3A8AAC3819D0 /* .gitignore */ = {isa = PBXFileReference; lastKnownFileType = file.gitignore; path = .gitignore; sourceTree = "<group>"; };
		D04BAF1058D2599E6E8ABBA6 /* Info.plist */ = {isa = PBXFileReference; fileEncoding = 4; lastKnownFileType = text.plist.xml; path = Info.plist; sourceTree = "<group>"; };
		D04BAF6F617FCA44D1F75B60 /* alt_tab_macos.entitlements */ = {isa = PBXFileReference; fileEncoding = 4; lastKnownFileType = text.plist.entitlements; path = alt_tab_macos.entitlements; sourceTree = "<group>"; };
		E20104DD2C3DE10E7CCC5B5A /* Pods-unit-tests.release.xcconfig */ = {isa = PBXFileReference; includeInIndex = 1; lastKnownFileType = text.xcconfig; name = "Pods-unit-tests.release.xcconfig"; path = "Target Support Files/Pods-unit-tests/Pods-unit-tests.release.xcconfig"; sourceTree = "<group>"; };
		F00DCAFE0000000000000003 /* src/logic/search/SearchTestable.swift */ = {isa = PBXFileReference; fileEncoding = 4; lastKnownFileType = sourcecode.swift; path = src/logic/search/SearchTestable.swift; sourceTree = SOURCE_ROOT; };
		D04BAADF01EB8FF8A15AECC6 /* acknowledgments.md */ = {isa = PBXFileReference; fileEncoding = 4; lastKnownFileType = net.daringfireball.markdown; path = "docs/acknowledgments.md"; sourceTree = SOURCE_ROOT; };
		D04BA812B8DCB915B8F4B915 /* contributors.md */ = {isa = PBXFileReference; fileEncoding = 4; lastKnownFileType = net.daringfireball.markdown; path = "docs/contributors.md"; sourceTree = SOURCE_ROOT; };

/* End PBXFileReference section */

/* Begin PBXFileSystemSynchronizedBuildFileExceptionSet section */
		BF13FA010000000000000001 /* PBXFileSystemSynchronizedBuildFileExceptionSet */ = {
			isa = PBXFileSystemSynchronizedBuildFileExceptionSet;
			membershipExceptions = (
				"api-wrappers/private-apis/README.md",
				experimentations/IOKit.swift,
				experimentations/PrivateApis.swift,
				experimentations/README.md,
				experimentations/TabbedWindowDetection.swift,
			);
			target = D04BA5E73DAF232ADE11C97A /* alt-tab-macos */;
		};
		BF13FA020000000000000002 /* PBXFileSystemSynchronizedBuildFileExceptionSet */ = {
			isa = PBXFileSystemSynchronizedBuildFileExceptionSet;
			membershipExceptions = (
				icons/app/app.icns,
			);
			target = D04BA5E73DAF232ADE11C97A /* alt-tab-macos */;
		};
/* End PBXFileSystemSynchronizedBuildFileExceptionSet section */

/* Begin PBXFileSystemSynchronizedRootGroup section */
		BF13F89B307369650067B3E4 /* ai */ = {isa = PBXFileSystemSynchronizedRootGroup; explicitFileTypes = {}; explicitFolders = (); path = ai; sourceTree = "<group>"; };
		BF13F89F30736A7A0067B3E4 /* src */ = {isa = PBXFileSystemSynchronizedRootGroup; exceptions = (BF13FA010000000000000001 /* PBXFileSystemSynchronizedBuildFileExceptionSet */, ); explicitFileTypes = {}; explicitFolders = (); path = src; sourceTree = "<group>"; };
		BF13F93730736AD60067B3E4 /* docs */ = {isa = PBXFileSystemSynchronizedRootGroup; explicitFileTypes = {}; explicitFolders = (); path = docs; sourceTree = "<group>"; };
		BF13F9A030736BB30067B3E4 /* scripts */ = {isa = PBXFileSystemSynchronizedRootGroup; explicitFileTypes = {}; explicitFolders = (); path = scripts; sourceTree = "<group>"; };
		BF13F9C030736C060067B3E4 /* .github */ = {isa = PBXFileSystemSynchronizedRootGroup; explicitFileTypes = {}; explicitFolders = (); path = .github; sourceTree = "<group>"; };
		BF13F9C130736C1C0067B3E4 /* config */ = {isa = PBXFileSystemSynchronizedRootGroup; explicitFileTypes = {}; explicitFolders = (); path = config; sourceTree = "<group>"; };
		BF13F9C230736C3B0067B3E4 /* resources */ = {isa = PBXFileSystemSynchronizedRootGroup; exceptions = (BF13FA020000000000000002 /* PBXFileSystemSynchronizedBuildFileExceptionSet */, ); explicitFileTypes = {}; explicitFolders = (); path = resources; sourceTree = "<group>"; };
		BF13F9C330736C420067B3E4 /* unit-tests */ = {isa = PBXFileSystemSynchronizedRootGroup; explicitFileTypes = {}; explicitFolders = (); path = "unit-tests"; sourceTree = "<group>"; };
/* End PBXFileSystemSynchronizedRootGroup section */

/* Begin PBXFrameworksBuildPhase section */
		BF0C8C253108BF47264611B2 /* Frameworks */ = {
			isa = PBXFrameworksBuildPhase;
			buildActionMask = 2147483647;
			files = (
				442E26DB1F7DA80AF794CCB6 /* Pods_unit_tests.framework in Frameworks */,
			);
			runOnlyForDeploymentPostprocessing = 0;
		};
		D04BA82F32FB183F65DC3E42 /* Frameworks */ = {
			isa = PBXFrameworksBuildPhase;
			buildActionMask = 2147483647;
			files = (
				4807A6C623A9CD190052A53E /* SkyLight.framework in Frameworks */,
				76D02BB22BFE7C9E0056008D /* Pods_alt_tab_macos.framework in Frameworks */,
			);
			runOnlyForDeploymentPostprocessing = 0;
		};
/* End PBXFrameworksBuildPhase section */

/* Begin PBXGroup section */
		4807A6C423A9CD190052A53E /* Frameworks */ = {
			isa = PBXGroup;
			children = (
				4807A6C523A9CD190052A53E /* SkyLight.framework */,
				C0712B3BEA2B3780398C0999 /* Pods_alt_tab_macos.framework */,
				C7E6F409CA442F83B7BE71AD /* Pods_unit_tests.framework */,
			);
			name = Frameworks;
			sourceTree = "<group>";
		};
		A638921971E99EC1D9EC383D /* Pods */ = {
			isa = PBXGroup;
			children = (
				672F94799CC7C90282AEB3EA /* Pods-alt-tab-macos.debug.xcconfig */,
				59DD4BE63D42EEFF1182BA7F /* Pods-alt-tab-macos.release.xcconfig */,
				7451B8433E47C444A6F489FF /* Pods-unit-tests.debug.xcconfig */,
				E20104DD2C3DE10E7CCC5B5A /* Pods-unit-tests.release.xcconfig */,
			);
			path = Pods;
			sourceTree = "<group>";
		};
		BF13064D3073701D0067B3E4 /* Recovered References */ = {
			isa = PBXGroup;
			children = (
				BF0C8BA452332236D972C60E /* src/logic/ATShortcut.swift */,
				BF0C8D57C86AF492D43A576D /* src/logic/AppearanceTestable.swift */,
				BF0C8DC2A355E29516DD2FAF /* src/ui/generic-components/CustomRecorderControlTestable.swift */,
				BF0C810FA0F6BC70E5886E11 /* src/api-wrappers/HelperExtensionsTestable.swift */,
				BF0C8643F524515224BF1618 /* src/logic/events/KeyboardEventsTestable.swift */,
				F00DCAFE0000000000000003 /* src/logic/search/SearchTestable.swift */,
				D04BA1232AFEEFE90D5CC827 /* config/debug.xcconfig */,
				D04BA62D5EACAAAD7BCD3E79 /* config/release.xcconfig */,
				BF0C8645B4CD1B11FABEF027 /* config/test-debug.xcconfig */,
				BF0C81BB57B297B2432C4824 /* config/test-release.xcconfig */,
			);
			name = "Recovered References";
			sourceTree = "<group>";
		};
		D04BA1463D2A17038222BB84 = {
			isa = PBXGroup;
			children = (
				BF13F9C030736C060067B3E4 /* .github */,
				BF13F89B307369650067B3E4 /* ai */,
				BF13F9C130736C1C0067B3E4 /* config */,
				BF13F93730736AD60067B3E4 /* docs */,
				BF13F9A030736BB30067B3E4 /* scripts */,
				BF13F9C230736C3B0067B3E4 /* resources */,
				BF13F89F30736A7A0067B3E4 /* src */,
				BF13F9C330736C420067B3E4 /* unit-tests */,
				D04BAD40CE2D3A8AAC3819D0 /* .gitignore */,
				BF0C87320241EAE01E38EF53 /* .periphery.yml */,
				1C9618573E422118423CEC48 /* .swiftformatignore */,
				1C9616522F4E58860385E090 /* .swiftformat */,
				5F05D0E62F31441A004A95F9 /* AGENTS.md */,
				481FE54624D2D387001032F1 /* alt-tab-macos-Bridging-Header.h */,
				D04BAF6F617FCA44D1F75B60 /* alt_tab_macos.entitlements */,
				D04BAC02D60EF22D9CC7D969 /* commitlint.config.js */,
				BF49DF3328355372004517BD /* DockAltTab.sdef */,
				D04BAF1058D2599E6E8ABBA6 /* Info.plist */,
				D04BA459034C1885CA43A807 /* LICENCE.md */,
				D04BA4336B6004A0A99849AD /* package.json */,
				D04BA0E071D2EDFDB9A20523 /* Podfile */,
				D04BA18724DC58FA95DB33DB /* Podfile.lock */,
				D04BAB8A94DA69A6B5008AE5 /* Pipfile */,
				D04BA84F172AE89F210CA01D /* Pipfile.lock */,
				D04BA0E1C5DBC07108AC2F54 /* README.md */,
				BF0C85C20516C4210508F349 /* tsconfig.json */,
				4807A6C423A9CD190052A53E /* Frameworks */,
				A638921971E99EC1D9EC383D /* Pods */,
				D04BA1A461BBB5A9BE15E015 /* Products */,
				BF13064D3073701D0067B3E4 /* Recovered References */,
			);
			sourceTree = "<group>";
		};
		D04BA1A461BBB5A9BE15E015 /* Products */ = {
			isa = PBXGroup;
			children = (
				D04BA82F792DF53958D92572 /* DockAltTab.app */,
				BF0C832DEED422648209CCD2 /* unit-tests.xctest */,
			);
			name = Products;
			sourceTree = "<group>";
		};
/* End PBXGroup section */

/* Begin PBXNativeTarget section */
		BF0C873EC188A7EBBCF4310D /* unit-tests */ = {
			isa = PBXNativeTarget;
			buildConfigurationList = BF0C8B3D662C040500D3CDB2 /* Build configuration list for PBXNativeTarget "unit-tests" */;
			buildPhases = (
				88258612CCB7F87294BEB475 /* [CP] Check Pods Manifest.lock */,
				BF0C80F58922E3C39A30CC58 /* Sources */,
				BF0C8C253108BF47264611B2 /* Frameworks */,
				BF0C8EF00115E254D81956A1 /* Resources */,
				CE3E6A59A38C845FC36D9668 /* [CP] Embed Pods Frameworks */,
			);
			buildRules = (
			);
			dependencies = (
			);
			fileSystemSynchronizedGroups = (
				BF13F9C330736C420067B3E4 /* unit-tests */,
			);
			name = "unit-tests";
			productName = "unit-tests";
			productReference = BF0C832DEED422648209CCD2 /* unit-tests.xctest */;
			productType = "com.apple.product-type.bundle.unit-test";
		};
		D04BA5E73DAF232ADE11C97A /* alt-tab-macos */ = {
			isa = PBXNativeTarget;
			buildConfigurationList = D04BA4D71CBB2FA4B9947B10 /* Build configuration list for PBXNativeTarget "alt-tab-macos" */;
			buildPhases = (
				5968B81A43F20B6ECD92C7F7 /* [CP] Check Pods Manifest.lock */,
				D04BAD01F4BCEDF8B539AFD2 /* Sources */,
				D04BA82F32FB183F65DC3E42 /* Frameworks */,
				D04BA96F3DC99263120BCD21 /* Resources */,
				7641B7923B36478FBF4D7CCD /* [CP] Embed Pods Frameworks */,
				48B68D6C23F6412C009BF4AD /* ShellScript */,
			);
			buildRules = (
			);
			dependencies = (
			);
			fileSystemSynchronizedGroups = (
				BF13F89F30736A7A0067B3E4 /* src */,
				BF13F9C230736C3B0067B3E4 /* resources */,
			);
			name = "alt-tab-macos";
			productName = "alt-tab-macos";
			productReference = D04BA82F792DF53958D92572 /* DockAltTab.app */;
			productType = "com.apple.product-type.application";
		};
/* End PBXNativeTarget section */

/* Begin PBXProject section */
		D04BA59EB5ED6F005E8F4407 /* Project object */ = {
			isa = PBXProject;
			attributes = {
				BuildIndependentTargetsInParallel = YES;
				LastUpgradeCheck = 1630;
				ORGANIZATIONNAME = lwouis;
				TargetAttributes = {
					D04BA5E73DAF232ADE11C97A = {
						ProvisioningStyle = Automatic;
					};
				};
			};
			buildConfigurationList = D04BA83C9495F252D87CDF0F /* Build configuration list for PBXProject "alt-tab-macos" */;
			compatibilityVersion = "Xcode 3.2";
			developmentRegion = en;
			hasScannedForEncodings = 0;
			knownRegions = (
				en,
				fr,
				de,
				es,
				tr,
				ko,
				ja,
				it,
				fi,
				hu,
				"zh-TW",
				"zh-CN",
				"pt-BR",
				ru,
				ar,
				nl,
				id,
				pt,
				nb,
				pl,
				sl,
				sk,
				uk,
				cs,
				sv,
				vi,
				lb,
				hi,
				bg,
				da,
				ca,
				fa,
				sr,
				he,
				el,
				et,
				sq,
				gl,
				bn,
				ro,
				ku,
				uz,
				hr,
				ta,
				is,
				nn,
				th,
				ml,
				kn,
				ga,
				jv,
				lt,
				gu,
				"zh-HK",
				be,
				my,
				mr,
				ur,
				kk,
				"zh-hk",
			);
			mainGroup = D04BA1463D2A17038222BB84;
			productRefGroup = D04BA1A461BBB5A9BE15E015 /* Products */;
			projectDirPath = "";
			projectRoot = "";
			targets = (
				D04BA5E73DAF232ADE11C97A /* alt-tab-macos */,
				BF0C873EC188A7EBBCF4310D /* unit-tests */,
			);
		};
/* End PBXProject section */

/* Begin PBXResourcesBuildPhase section */
		BF0C8EF00115E254D81956A1 /* Resources */ = {
			isa = PBXResourcesBuildPhase;
			buildActionMask = 2147483647;
			files = (
			);
			runOnlyForDeploymentPostprocessing = 0;
		};
		D04BA96F3DC99263120BCD21 /* Resources */ = {
			isa = PBXResourcesBuildPhase;
			buildActionMask = 2147483647;
			files = (
				D04BA69012A483201B375D46 /* acknowledgments.md in Resources */,
				D04BA530F00E5989D66C6A1F /* contributors.md in Resources */,
				BF49DF3428355372004517BD /* DockAltTab.sdef in Resources */,
			);
			runOnlyForDeploymentPostprocessing = 0;
		};
/* End PBXResourcesBuildPhase section */

/* Begin PBXShellScriptBuildPhase section */
		48B68D6C23F6412C009BF4AD /* ShellScript */ = {
			isa = PBXShellScriptBuildPhase;
			buildActionMask = 2147483647;
			files = (
			);
			inputFileListPaths = (
			);
			inputPaths = (
			);
			outputFileListPaths = (
			);
			outputPaths = (
			);
			runOnlyForDeploymentPostprocessing = 0;
			shellPath = /bin/sh;
			shellScript = "if [ \"$CONFIGURATION\" = \"Debug\" ]; then\n  exit 0\nfi\n\n# scripts/codesign/codesign_sparkle_embedded_apps.sh\n";
			showEnvVarsInLog = 0;
		};
		5968B81A43F20B6ECD92C7F7 /* [CP] Check Pods Manifest.lock */ = {
			isa = PBXShellScriptBuildPhase;
			buildActionMask = 2147483647;
			files = (
			);
			inputFileListPaths = (
			);
			inputPaths = (
				"${PODS_PODFILE_DIR_PATH}/Podfile.lock",
				"${PODS_ROOT}/Manifest.lock",
			);
			name = "[CP] Check Pods Manifest.lock";
			outputFileListPaths = (
			);
			outputPaths = (
				"$(DERIVED_FILE_DIR)/Pods-alt-tab-macos-checkManifestLockResult.txt",
			);
			runOnlyForDeploymentPostprocessing = 0;
			shellPath = /bin/sh;
			shellScript = "diff \"${PODS_PODFILE_DIR_PATH}/Podfile.lock\" \"${PODS_ROOT}/Manifest.lock\" > /dev/null\nif [ $? != 0 ] ; then\n    # print error to STDERR\n    echo \"error: The sandbox is not in sync with the Podfile.lock. Run 'pod install' or update your CocoaPods installation.\" >&2\n    exit 1\nfi\n# This output is used by Xcode 'outputs' to avoid re-running this script phase.\necho \"SUCCESS\" > \"${SCRIPT_OUTPUT_FILE_0}\"\n";
			showEnvVarsInLog = 0;
		};
		7641B7923B36478FBF4D7CCD /* [CP] Embed Pods Frameworks */ = {
			isa = PBXShellScriptBuildPhase;
			buildActionMask = 2147483647;
			files = (
			);
			inputPaths = (
				"${PODS_ROOT}/Target Support Files/Pods-alt-tab-macos/Pods-alt-tab-macos-frameworks.sh",
				"${BUILT_PRODUCTS_DIR}/LetsMove/LetsMove.framework",
				"${BUILT_PRODUCTS_DIR}/ShortcutRecorder/ShortcutRecorder.framework",
				"${PODS_ROOT}/Sparkle/Sparkle.framework",
				"${BUILT_PRODUCTS_DIR}/SwiftyBeaver/SwiftyBeaver.framework",
			);
			name = "[CP] Embed Pods Frameworks";
			outputPaths = (
				"${TARGET_BUILD_DIR}/${FRAMEWORKS_FOLDER_PATH}/LetsMove.framework",
				"${TARGET_BUILD_DIR}/${FRAMEWORKS_FOLDER_PATH}/ShortcutRecorder.framework",
				"${TARGET_BUILD_DIR}/${FRAMEWORKS_FOLDER_PATH}/Sparkle.framework",
				"${TARGET_BUILD_DIR}/${FRAMEWORKS_FOLDER_PATH}/SwiftyBeaver.framework",
			);
			runOnlyForDeploymentPostprocessing = 0;
			shellPath = /bin/sh;
			shellScript = "\"${PODS_ROOT}/Target Support Files/Pods-alt-tab-macos/Pods-alt-tab-macos-frameworks.sh\"\n";
			showEnvVarsInLog = 0;
		};
		88258612CCB7F87294BEB475 /* [CP] Check Pods Manifest.lock */ = {
			isa = PBXShellScriptBuildPhase;
			buildActionMask = 2147483647;
			files = (
			);
			inputFileListPaths = (
			);
			inputPaths = (
				"${PODS_PODFILE_DIR_PATH}/Podfile.lock",
				"${PODS_ROOT}/Manifest.lock",
			);
			name = "[CP] Check Pods Manifest.lock";
			outputFileListPaths = (
			);
			outputPaths = (
				"$(DERIVED_FILE_DIR)/Pods-unit-tests-checkManifestLockResult.txt",
			);
			runOnlyForDeploymentPostprocessing = 0;
			shellPath = /bin/sh;
			shellScript = "diff \"${PODS_PODFILE_DIR_PATH}/Podfile.lock\" \"${PODS_ROOT}/Manifest.lock\" > /dev/null\nif [ $? != 0 ] ; then\n    # print error to STDERR\n    echo \"error: The sandbox is not in sync with the Podfile.lock. Run 'pod install' or update your CocoaPods installation.\" >&2\n    exit 1\nfi\n# This output is used by Xcode 'outputs' to avoid re-running this script phase.\necho \"SUCCESS\" > \"${SCRIPT_OUTPUT_FILE_0}\"\n";
			showEnvVarsInLog = 0;
		};
		CE3E6A59A38C845FC36D9668 /* [CP] Embed Pods Frameworks */ = {
			isa = PBXShellScriptBuildPhase;
			buildActionMask = 2147483647;
			files = (
			);
			inputPaths = (
				"${PODS_ROOT}/Target Support Files/Pods-unit-tests/Pods-unit-tests-frameworks.sh",
				"${BUILT_PRODUCTS_DIR}/ShortcutRecorder/ShortcutRecorder.framework",
			);
			name = "[CP] Embed Pods Frameworks";
			outputPaths = (
				"${TARGET_BUILD_DIR}/${FRAMEWORKS_FOLDER_PATH}/ShortcutRecorder.framework",
			);
			runOnlyForDeploymentPostprocessing = 0;
			shellPath = /bin/sh;
			shellScript = "\"${PODS_ROOT}/Target Support Files/Pods-unit-tests/Pods-unit-tests-frameworks.sh\"\n";
			showEnvVarsInLog = 0;
		};
/* End PBXShellScriptBuildPhase section */

/* Begin PBXSourcesBuildPhase section */
		BF0C80F58922E3C39A30CC58 /* Sources */ = {
			isa = PBXSourcesBuildPhase;
			buildActionMask = 2147483647;
			files = (
				BF0C8CC5057406014FD612CC /* src/logic/ATShortcut.swift in Sources */,
				BF0C8846AFEE2FFF93FAB36F /* src/logic/AppearanceTestable.swift in Sources */,
				BF0C8AD478399D2E97AE3FB4 /* src/ui/generic-components/CustomRecorderControlTestable.swift in Sources */,
				BF0C8F9B8014AD21E68B1349 /* src/api-wrappers/HelperExtensionsTestable.swift in Sources */,
				BF0C8C5FA4B401A8C0F75B7A /* src/logic/events/KeyboardEventsTestable.swift in Sources */,
				F00DCAFE0000000000001103 /* src/logic/search/SearchTestable.swift in Sources */,
			);
			runOnlyForDeploymentPostprocessing = 0;
		};
		D04BAD01F4BCEDF8B539AFD2 /* Sources */ = {
			isa = PBXSourcesBuildPhase;
			buildActionMask = 2147483647;
			files = (
			);
			runOnlyForDeploymentPostprocessing = 0;
		};
/* End PBXSourcesBuildPhase section */

/* Begin XCBuildConfiguration section */
		BF0C83DA3679E69398A5584A /* Release */ = {
			isa = XCBuildConfiguration;
			baseConfigurationReference = BF0C81BB57B297B2432C4824 /* config/test-release.xcconfig */;
			buildSettings = {
				ALWAYS_SEARCH_USER_PATHS = NO;
				CLANG_ANALYZER_NONNULL = YES;
				CLANG_ANALYZER_NUMBER_OBJECT_CONVERSION = YES_AGGRESSIVE;
				CLANG_CXX_LANGUAGE_STANDARD = "gnu++20";
				CLANG_ENABLE_MODULES = YES;
				CLANG_ENABLE_OBJC_ARC = YES;
				CLANG_ENABLE_OBJC_WEAK = YES;
				CLANG_WARN_BLOCK_CAPTURE_AUTORELEASING = YES;
				CLANG_WARN_BOOL_CONVERSION = YES;
				CLANG_WARN_COMMA = YES;
				CLANG_WARN_CONSTANT_CONVERSION = YES;
				CLANG_WARN_DEPRECATED_OBJC_IMPLEMENTATIONS = YES;
				CLANG_WARN_DIRECT_OBJC_ISA_USAGE = YES_ERROR;
				CLANG_WARN_DOCUMENTATION_COMMENTS = YES;
				CLANG_WARN_EMPTY_BODY = YES;
				CLANG_WARN_ENUM_CONVERSION = YES;
				CLANG_WARN_INFINITE_RECURSION = YES;
				CLANG_WARN_INT_CONVERSION = YES;
				CLANG_WARN_NON_LITERAL_NULL_CONVERSION = YES;
				CLANG_WARN_OBJC_IMPLICIT_RETAIN_SELF = YES;
				CLANG_WARN_OBJC_LITERAL_CONVERSION = YES;
				CLANG_WARN_OBJC_ROOT_CLASS = YES_ERROR;
				CLANG_WARN_RANGE_LOOP_ANALYSIS = YES;
				CLANG_WARN_STRICT_PROTOTYPES = YES;
				CLANG_WARN_SUSPICIOUS_MOVE = YES;
				CLANG_WARN_UNGUARDED_AVAILABILITY = YES_AGGRESSIVE;
				CLANG_WARN_UNREACHABLE_CODE = YES;
				CLANG_WARN__DUPLICATE_METHOD_MATCH = YES;
				COPY_PHASE_STRIP = NO;
				CURRENT_PROJECT_VERSION = 1;
				DEBUG_INFORMATION_FORMAT = "dwarf-with-dsym";
				DEVELOPMENT_TEAM = "${TEAM_ID}";
				ENABLE_NS_ASSERTIONS = NO;
				ENABLE_STRICT_OBJC_MSGSEND = YES;
				GCC_C_LANGUAGE_STANDARD = gnu11;
				GCC_NO_COMMON_BLOCKS = YES;
				GCC_WARN_64_TO_32_BIT_CONVERSION = YES;
				GCC_WARN_ABOUT_RETURN_TYPE = YES_ERROR;
				GCC_WARN_UNDECLARED_SELECTOR = YES;
				GCC_WARN_UNINITIALIZED_AUTOS = YES_AGGRESSIVE;
				GCC_WARN_UNUSED_FUNCTION = YES;
				GCC_WARN_UNUSED_VARIABLE = YES;
				GENERATE_INFOPLIST_FILE = YES;
				MACOSX_DEPLOYMENT_TARGET = 13.1;
				MARKETING_VERSION = 1.0;
				MTL_ENABLE_DEBUG_INFO = NO;
				MTL_FAST_MATH = YES;
				PRODUCT_BUNDLE_IDENTIFIER = "com.lwouis.alt-tab-macos.unit-tests";
				PRODUCT_NAME = "$(TARGET_NAME)";
				SWIFT_COMPILATION_MODE = wholemodule;
				SWIFT_EMIT_LOC_STRINGS = NO;
				SWIFT_OPTIMIZATION_LEVEL = "-O";
			};
			name = Release;
		};
		BF0C87BC20A43A692200BAE9 /* Debug */ = {
			isa = XCBuildConfiguration;
			baseConfigurationReference = BF0C8645B4CD1B11FABEF027 /* config/test-debug.xcconfig */;
			buildSettings = {
				ALWAYS_SEARCH_USER_PATHS = NO;
				CLANG_ANALYZER_NONNULL = YES;
				CLANG_ANALYZER_NUMBER_OBJECT_CONVERSION = YES_AGGRESSIVE;
				CLANG_CXX_LANGUAGE_STANDARD = "gnu++20";
				CLANG_ENABLE_MODULES = YES;
				CLANG_ENABLE_OBJC_ARC = YES;
				CLANG_ENABLE_OBJC_WEAK = YES;
				CLANG_WARN_BLOCK_CAPTURE_AUTORELEASING = YES;
				CLANG_WARN_BOOL_CONVERSION = YES;
				CLANG_WARN_COMMA = YES;
				CLANG_WARN_CONSTANT_CONVERSION = YES;
				CLANG_WARN_DEPRECATED_OBJC_IMPLEMENTATIONS = YES;
				CLANG_WARN_DIRECT_OBJC_ISA_USAGE = YES_ERROR;
				CLANG_WARN_DOCUMENTATION_COMMENTS = YES;
				CLANG_WARN_EMPTY_BODY = YES;
				CLANG_WARN_ENUM_CONVERSION = YES;
				CLANG_WARN_INFINITE_RECURSION = YES;
				CLANG_WARN_INT_CONVERSION = YES;
				CLANG_WARN_NON_LITERAL_NULL_CONVERSION = YES;
				CLANG_WARN_OBJC_IMPLICIT_RETAIN_SELF = YES;
				CLANG_WARN_OBJC_LITERAL_CONVERSION = YES;
				CLANG_WARN_OBJC_ROOT_CLASS = YES_ERROR;
				CLANG_WARN_RANGE_LOOP_ANALYSIS = YES;
				CLANG_WARN_STRICT_PROTOTYPES = YES;
				CLANG_WARN_SUSPICIOUS_MOVE = YES;
				CLANG_WARN_UNGUARDED_AVAILABILITY = YES_AGGRESSIVE;
				CLANG_WARN_UNREACHABLE_CODE = YES;
				CLANG_WARN__DUPLICATE_METHOD_MATCH = YES;
				COPY_PHASE_STRIP = NO;
				CURRENT_PROJECT_VERSION = 1;
				DEBUG_INFORMATION_FORMAT = dwarf;
				DEVELOPMENT_TEAM = "${TEAM_ID}";
				ENABLE_STRICT_OBJC_MSGSEND = YES;
				ENABLE_TESTABILITY = YES;
				GCC_C_LANGUAGE_STANDARD = gnu11;
				GCC_DYNAMIC_NO_PIC = NO;
				GCC_NO_COMMON_BLOCKS = YES;
				GCC_OPTIMIZATION_LEVEL = 0;
				GCC_PREPROCESSOR_DEFINITIONS = (
					"DEBUG=1",
					"$(inherited)",
				);
				GCC_WARN_64_TO_32_BIT_CONVERSION = YES;
				GCC_WARN_ABOUT_RETURN_TYPE = YES_ERROR;
				GCC_WARN_UNDECLARED_SELECTOR = YES;
				GCC_WARN_UNINITIALIZED_AUTOS = YES_AGGRESSIVE;
				GCC_WARN_UNUSED_FUNCTION = YES;
				GCC_WARN_UNUSED_VARIABLE = YES;
				GENERATE_INFOPLIST_FILE = YES;
				MACOSX_DEPLOYMENT_TARGET = 13.1;
				MARKETING_VERSION = 1.0;
				MTL_ENABLE_DEBUG_INFO = INCLUDE_SOURCE;
				MTL_FAST_MATH = YES;
				ONLY_ACTIVE_ARCH = YES;
				PRODUCT_BUNDLE_IDENTIFIER = "com.lwouis.alt-tab-macos.unit-tests";
				PRODUCT_NAME = "$(TARGET_NAME)";
				SWIFT_ACTIVE_COMPILATION_CONDITIONS = DEBUG;
				SWIFT_EMIT_LOC_STRINGS = NO;
				SWIFT_OPTIMIZATION_LEVEL = "-Onone";
			};
			name = Debug;
		};
		D04BA49BCED00029C5289244 /* Release */ = {
			isa = XCBuildConfiguration;
			baseConfigurationReference = D04BA62D5EACAAAD7BCD3E79 /* config/release.xcconfig */;
			buildSettings = {
				CODE_SIGN_IDENTITY = "Apple Development";
				"CODE_SIGN_IDENTITY[sdk=macosx*]" = "Apple Development";
				CODE_SIGN_STYLE = Automatic;
				DEVELOPMENT_TEAM = L33QBJT48B;
				MACOSX_DEPLOYMENT_TARGET = 12;
				PROVISIONING_PROFILE_SPECIFIER = "";
			};
			name = Release;
		};
		D04BA6FB4EC72C6A126E86D7 /* Debug */ = {
			isa = XCBuildConfiguration;
			baseConfigurationReference = D04BA1232AFEEFE90D5CC827 /* config/debug.xcconfig */;
			buildSettings = {
				CODE_SIGN_IDENTITY = "Apple Development";
				"CODE_SIGN_IDENTITY[sdk=macosx*]" = "Apple Development";
				CODE_SIGN_STYLE = Automatic;
				DEVELOPMENT_TEAM = L33QBJT48B;
				MACOSX_DEPLOYMENT_TARGET = 12;
				PROVISIONING_PROFILE_SPECIFIER = "";
			};
			name = Debug;
		};
		D04BA801581D700C583B53FB /* Debug */ = {
			isa = XCBuildConfiguration;
			buildSettings = {
				CLANG_ANALYZER_LOCALIZABILITY_NONLOCALIZED = YES;
				CLANG_ANALYZER_NONNULL = YES;
				CLANG_ANALYZER_NUMBER_OBJECT_CONVERSION = YES_AGGRESSIVE;
				CLANG_CXX_LANGUAGE_STANDARD = "gnu++14";
				CLANG_CXX_LIBRARY = "libc++";
				CLANG_ENABLE_MODULES = YES;
				CLANG_ENABLE_OBJC_ARC = YES;
				CLANG_ENABLE_OBJC_WEAK = YES;
				CLANG_WARN_BLOCK_CAPTURE_AUTORELEASING = YES;
				CLANG_WARN_BOOL_CONVERSION = YES;
				CLANG_WARN_COMMA = YES;
				CLANG_WARN_CONSTANT_CONVERSION = YES;
				CLANG_WARN_DEPRECATED_OBJC_IMPLEMENTATIONS = YES;
				CLANG_WARN_DIRECT_OBJC_ISA_USAGE = YES_ERROR;
				CLANG_WARN_DOCUMENTATION_COMMENTS = YES;
				CLANG_WARN_EMPTY_BODY = YES;
				CLANG_WARN_ENUM_CONVERSION = YES;
				CLANG_WARN_INFINITE_RECURSION = YES;
				CLANG_WARN_INT_CONVERSION = YES;
				CLANG_WARN_NON_LITERAL_NULL_CONVERSION = YES;
				CLANG_WARN_OBJC_IMPLICIT_RETAIN_SELF = YES;
				CLANG_WARN_OBJC_LITERAL_CONVERSION = YES;
				CLANG_WARN_OBJC_ROOT_CLASS = YES_ERROR;
				CLANG_WARN_QUOTED_INCLUDE_IN_FRAMEWORK_HEADER = YES;
				CLANG_WARN_RANGE_LOOP_ANALYSIS = YES;
				CLANG_WARN_STRICT_PROTOTYPES = YES;
				CLANG_WARN_SUSPICIOUS_MOVE = YES;
				CLANG_WARN_UNGUARDED_AVAILABILITY = YES_AGGRESSIVE;
				CLANG_WARN_UNREACHABLE_CODE = YES;
				CLANG_WARN__DUPLICATE_METHOD_MATCH = YES;
				COPY_PHASE_STRIP = NO;
				DEAD_CODE_STRIPPING = YES;
				DEBUG_INFORMATION_FORMAT = dwarf;
				ENABLE_STRICT_OBJC_MSGSEND = YES;
				ENABLE_TESTABILITY = YES;
				ENABLE_USER_SCRIPT_SANDBOXING = NO;
				GCC_C_LANGUAGE_STANDARD = gnu11;
				GCC_DYNAMIC_NO_PIC = NO;
				GCC_NO_COMMON_BLOCKS = YES;
				GCC_OPTIMIZATION_LEVEL = 0;
				GCC_PREPROCESSOR_DEFINITIONS = (
					"DEBUG=1",
					"$(inherited)",
				);
				GCC_WARN_64_TO_32_BIT_CONVERSION = YES;
				GCC_WARN_ABOUT_RETURN_TYPE = YES_ERROR;
				GCC_WARN_UNDECLARED_SELECTOR = YES;
				GCC_WARN_UNINITIALIZED_AUTOS = YES_AGGRESSIVE;
				GCC_WARN_UNUSED_FUNCTION = YES;
				GCC_WARN_UNUSED_VARIABLE = YES;
				MACOSX_DEPLOYMENT_TARGET = 12;
				MTL_ENABLE_DEBUG_INFO = INCLUDE_SOURCE;
				MTL_FAST_MATH = YES;
				ONLY_ACTIVE_ARCH = YES;
				SWIFT_ACTIVE_COMPILATION_CONDITIONS = DEBUG;
				SWIFT_OPTIMIZATION_LEVEL = "-Onone";
			};
			name = Debug;
		};
		D04BA9150F87B08AB0ACE4AE /* Release */ = {
			isa = XCBuildConfiguration;
			buildSettings = {
				CLANG_ANALYZER_LOCALIZABILITY_NONLOCALIZED = YES;
				CLANG_ANALYZER_NONNULL = YES;
				CLANG_ANALYZER_NUMBER_OBJECT_CONVERSION = YES_AGGRESSIVE;
				CLANG_CXX_LANGUAGE_STANDARD = "gnu++14";
				CLANG_CXX_LIBRARY = "libc++";
				CLANG_ENABLE_MODULES = YES;
				CLANG_ENABLE_OBJC_ARC = YES;
				CLANG_ENABLE_OBJC_WEAK = YES;
				CLANG_WARN_BLOCK_CAPTURE_AUTORELEASING = YES;
				CLANG_WARN_BOOL_CONVERSION = YES;
				CLANG_WARN_COMMA = YES;
				CLANG_WARN_CONSTANT_CONVERSION = YES;
				CLANG_WARN_DEPRECATED_OBJC_IMPLEMENTATIONS = YES;
				CLANG_WARN_DIRECT_OBJC_ISA_USAGE = YES_ERROR;
				CLANG_WARN_DOCUMENTATION_COMMENTS = YES;
				CLANG_WARN_EMPTY_BODY = YES;
				CLANG_WARN_ENUM_CONVERSION = YES;
				CLANG_WARN_INFINITE_RECURSION = YES;
				CLANG_WARN_INT_CONVERSION = YES;
				CLANG_WARN_NON_LITERAL_NULL_CONVERSION = YES;
				CLANG_WARN_OBJC_IMPLICIT_RETAIN_SELF = YES;
				CLANG_WARN_OBJC_LITERAL_CONVERSION = YES;
				CLANG_WARN_OBJC_ROOT_CLASS = YES_ERROR;
				CLANG_WARN_QUOTED_INCLUDE_IN_FRAMEWORK_HEADER = YES;
				CLANG_WARN_RANGE_LOOP_ANALYSIS = YES;
				CLANG_WARN_STRICT_PROTOTYPES = YES;
				CLANG_WARN_SUSPICIOUS_MOVE = YES;
				CLANG_WARN_UNGUARDED_AVAILABILITY = YES_AGGRESSIVE;
				CLANG_WARN_UNREACHABLE_CODE = YES;
				CLANG_WARN__DUPLICATE_METHOD_MATCH = YES;
				COPY_PHASE_STRIP = NO;
				DEAD_CODE_STRIPPING = YES;
				DEBUG_INFORMATION_FORMAT = "dwarf-with-dsym";
				ENABLE_NS_ASSERTIONS = NO;
				ENABLE_STRICT_OBJC_MSGSEND = YES;
				ENABLE_USER_SCRIPT_SANDBOXING = NO;
				GCC_C_LANGUAGE_STANDARD = gnu11;
				GCC_NO_COMMON_BLOCKS = YES;
				GCC_WARN_64_TO_32_BIT_CONVERSION = YES;
				GCC_WARN_ABOUT_RETURN_TYPE = YES_ERROR;
				GCC_WARN_UNDECLARED_SELECTOR = YES;
				GCC_WARN_UNINITIALIZED_AUTOS = YES_AGGRESSIVE;
				GCC_WARN_UNUSED_FUNCTION = YES;
				GCC_WARN_UNUSED_VARIABLE = YES;
				MACOSX_DEPLOYMENT_TARGET = 12;
				MTL_ENABLE_DEBUG_INFO = NO;
				MTL_FAST_MATH = YES;
				SWIFT_COMPILATION_MODE = wholemodule;
				SWIFT_OPTIMIZATION_LEVEL = "-O";
			};
			name = Release;
		};
/* End XCBuildConfiguration section */

/* Begin XCConfigurationList section */
		BF0C8B3D662C040500D3CDB2 /* Build configuration list for PBXNativeTarget "unit-tests" */ = {
			isa = XCConfigurationList;
			buildConfigurations = (
				BF0C87BC20A43A692200BAE9 /* Debug */,
				BF0C83DA3679E69398A5584A /* Release */,
			);
			defaultConfigurationIsVisible = 0;
			defaultConfigurationName = Release;
		};
		D04BA4D71CBB2FA4B9947B10 /* Build configuration list for PBXNativeTarget "alt-tab-macos" */ = {
			isa = XCConfigurationList;
			buildConfigurations = (
				D04BA6FB4EC72C6A126E86D7 /* Debug */,
				D04BA49BCED00029C5289244 /* Release */,
			);
			defaultConfigurationIsVisible = 0;
			defaultConfigurationName = Release;
		};
		D04BA83C9495F252D87CDF0F /* Build configuration list for PBXProject "alt-tab-macos" */ = {
			isa = XCConfigurationList;
			buildConfigurations = (
				D04BA801581D700C583B53FB /* Debug */,
				D04BA9150F87B08AB0ACE4AE /* Release */,
			);
			defaultConfigurationIsVisible = 0;
			defaultConfigurationName = Release;
		};
/* End XCConfigurationList section */
	};
	rootObject = D04BA59EB5ED6F005E8F4407 /* Project object */;
}
